// !$*UTF8*$!
{
	archiveVersion = 1;
	classes = {
	};
	objectVersion = 48;
	objects = {

/* Begin PBXBuildFile section */
		91738E5369CA97748E1652E9 /* Pods_Neighbourhoods.framework in Frameworks */ = {isa = PBXBuildFile; fileRef = 0C24ABCE591C5A1B847A1370 /* Pods_Neighbourhoods.framework */; };
		B6098D3E1FA9A56E00FC0BAD /* Extension+String.swift in Sources */ = {isa = PBXBuildFile; fileRef = B6098D3D1FA9A56E00FC0BAD /* Extension+String.swift */; };
		B646FDD31FB18D4C00990357 /* NborTopicModel.swift in Sources */ = {isa = PBXBuildFile; fileRef = B646FDD21FB18D4C00990357 /* NborTopicModel.swift */; };
		B678E64A1FA3689A003F7638 /* NetWorkTool.swift in Sources */ = {isa = PBXBuildFile; fileRef = B678E6491FA36899003F7638 /* NetWorkTool.swift */; };
		B681C9DC1FA9ED06008006D6 /* LXQHeader.swift in Sources */ = {isa = PBXBuildFile; fileRef = B681C9DB1FA9ED06008006D6 /* LXQHeader.swift */; };
		B692F89B1F91F17E00C75B41 /* SDWebImage.framework in Frameworks */ = {isa = PBXBuildFile; fileRef = B692F8991F91F17E00C75B41 /* SDWebImage.framework */; };
		B692F89C1F91F17E00C75B41 /* AFNetworking.framework in Frameworks */ = {isa = PBXBuildFile; fileRef = B692F89A1F91F17E00C75B41 /* AFNetworking.framework */; };
		B692F89E1F91F1A700C75B41 /* AFNetworking.framework in CopyFiles */ = {isa = PBXBuildFile; fileRef = B692F89A1F91F17E00C75B41 /* AFNetworking.framework */; settings = {ATTRIBUTES = (CodeSignOnCopy, RemoveHeadersOnCopy, ); }; };
		B692F89F1F91F1A700C75B41 /* SDWebImage.framework in CopyFiles */ = {isa = PBXBuildFile; fileRef = B692F8991F91F17E00C75B41 /* SDWebImage.framework */; settings = {ATTRIBUTES = (CodeSignOnCopy, RemoveHeadersOnCopy, ); }; };
		B692F8A11F91F1DF00C75B41 /* LoopView.swift in Sources */ = {isa = PBXBuildFile; fileRef = B692F8A01F91F1DF00C75B41 /* LoopView.swift */; };
		B6DD94061FAF0B9E00A416E1 /* AZDialogViewController.framework in Frameworks */ = {isa = PBXBuildFile; fileRef = B6DD94051FAF0B9E00A416E1 /* AZDialogViewController.framework */; };
		B6DD94081FAF0BA600A416E1 /* NoticeBar.framework in Frameworks */ = {isa = PBXBuildFile; fileRef = B6DD94071FAF0BA600A416E1 /* NoticeBar.framework */; };
		B6DD94091FAF0BB400A416E1 /* NoticeBar.framework in CopyFiles */ = {isa = PBXBuildFile; fileRef = B6DD94071FAF0BA600A416E1 /* NoticeBar.framework */; settings = {ATTRIBUTES = (CodeSignOnCopy, RemoveHeadersOnCopy, ); }; };
		B6DD940A1FAF0BB400A416E1 /* AZDialogViewController.framework in CopyFiles */ = {isa = PBXBuildFile; fileRef = B6DD94051FAF0B9E00A416E1 /* AZDialogViewController.framework */; settings = {ATTRIBUTES = (CodeSignOnCopy, RemoveHeadersOnCopy, ); }; };
		B6ECB6F51FA804DE006C2BCC /* NSDate-Extension.swift in Sources */ = {isa = PBXBuildFile; fileRef = B6ECB6F41FA804DE006C2BCC /* NSDate-Extension.swift */; };
		B6ECB71D1FA858FE006C2BCC /* NborCircleModel.swift in Sources */ = {isa = PBXBuildFile; fileRef = B6ECB71C1FA858FE006C2BCC /* NborCircleModel.swift */; };
		B6ECB71F1FA85E7E006C2BCC /* UserModel.swift in Sources */ = {isa = PBXBuildFile; fileRef = B6ECB71E1FA85E7E006C2BCC /* UserModel.swift */; };
		D30A17CE1FAF2DA4007820D3 /* MomentsLatestIssueTableViewController.swift in Sources */ = {isa = PBXBuildFile; fileRef = D30A17CD1FAF2DA4007820D3 /* MomentsLatestIssueTableViewController.swift */; };
		D30A17D01FAF2DB4007820D3 /* MomentsHotestTopicTableViewController.swift in Sources */ = {isa = PBXBuildFile; fileRef = D30A17CF1FAF2DB4007820D3 /* MomentsHotestTopicTableViewController.swift */; };
		D30A17D21FAF2DD9007820D3 /* MomentsTopicsClassificationTableViewController.swift in Sources */ = {isa = PBXBuildFile; fileRef = D30A17D11FAF2DD9007820D3 /* MomentsTopicsClassificationTableViewController.swift */; };
		D30A17D41FAF2E07007820D3 /* TopicDetialTableViewController.swift in Sources */ = {isa = PBXBuildFile; fileRef = D30A17D31FAF2E07007820D3 /* TopicDetialTableViewController.swift */; };
		D30A17D81FAF2EAA007820D3 /* SecondaryCommentTableViewController.swift in Sources */ = {isa = PBXBuildFile; fileRef = D30A17D71FAF2EAA007820D3 /* SecondaryCommentTableViewController.swift */; };
		D30A17DA1FAF328E007820D3 /* MomentsLatestIssueTableViewCell.swift in Sources */ = {isa = PBXBuildFile; fileRef = D30A17D91FAF328E007820D3 /* MomentsLatestIssueTableViewCell.swift */; };
		D30A17DC1FAF32B7007820D3 /* MomentsHotestTopicTableViewCell.swift in Sources */ = {isa = PBXBuildFile; fileRef = D30A17DB1FAF32B7007820D3 /* MomentsHotestTopicTableViewCell.swift */; };
		D30A17DE1FAF32C4007820D3 /* MomentsTopicsClassificationTableViewCell.swift in Sources */ = {isa = PBXBuildFile; fileRef = D30A17DD1FAF32C4007820D3 /* MomentsTopicsClassificationTableViewCell.swift */; };
		D30A17E21FAF3301007820D3 /* SecondaryCommentHeaderTableViewCell.swift in Sources */ = {isa = PBXBuildFile; fileRef = D30A17E11FAF3301007820D3 /* SecondaryCommentHeaderTableViewCell.swift */; };
		D30A17E41FAF3318007820D3 /* SecondaryCommentDetialTableViewCell.swift in Sources */ = {isa = PBXBuildFile; fileRef = D30A17E31FAF3318007820D3 /* SecondaryCommentDetialTableViewCell.swift */; };
		D30A17E61FAF339D007820D3 /* TopicDetialTableViewCell.swift in Sources */ = {isa = PBXBuildFile; fileRef = D30A17E51FAF339D007820D3 /* TopicDetialTableViewCell.swift */; };
		D30A17E81FAF39FE007820D3 /* MomentsCommentDetialHeaderTableViewCell.swift in Sources */ = {isa = PBXBuildFile; fileRef = D30A17E71FAF39FE007820D3 /* MomentsCommentDetialHeaderTableViewCell.swift */; };
		D30A17EA1FAF3A86007820D3 /* MomentsCommentDetialSpecificCommentTableViewCell.swift in Sources */ = {isa = PBXBuildFile; fileRef = D30A17E91FAF3A86007820D3 /* MomentsCommentDetialSpecificCommentTableViewCell.swift */; };
		D30ED0EE1FAAEB1E007A5858 /* Assets.xcassets in Resources */ = {isa = PBXBuildFile; fileRef = D30ED0ED1FAAEB1E007A5858 /* Assets.xcassets */; };
		D30ED0F41FAAF6FC007A5858 /* SettingsViewController.swift in Sources */ = {isa = PBXBuildFile; fileRef = D30ED0F31FAAF6FC007A5858 /* SettingsViewController.swift */; };
		D30ED0F61FAAF832007A5858 /* SelectDistrictTableViewController.swift in Sources */ = {isa = PBXBuildFile; fileRef = D30ED0F51FAAF832007A5858 /* SelectDistrictTableViewController.swift */; };
		D31735851FA8923100C97B60 /* MyMissionsTableViewCell.swift in Sources */ = {isa = PBXBuildFile; fileRef = D31735841FA8923100C97B60 /* MyMissionsTableViewCell.swift */; };
		D31B360D1F9C6D8300313268 /* MainViewController.swift in Sources */ = {isa = PBXBuildFile; fileRef = D31B360C1F9C6D8300313268 /* MainViewController.swift */; };
		D31B36101F9C768A00313268 /* SystemConstantValue.swift in Sources */ = {isa = PBXBuildFile; fileRef = D31B360F1F9C768A00313268 /* SystemConstantValue.swift */; };
		D31B54AD1FB1A1F3003549AF /* SocialOrgListModel.swift in Sources */ = {isa = PBXBuildFile; fileRef = D31B54AC1FB1A1F3003549AF /* SocialOrgListModel.swift */; };
		D31B54AF1FB1AF29003549AF /* SocialOrgDetModel.swift in Sources */ = {isa = PBXBuildFile; fileRef = D31B54AE1FB1AF29003549AF /* SocialOrgDetModel.swift */; };
		D31B54B11FB1D134003549AF /* MyMissionModel.swift in Sources */ = {isa = PBXBuildFile; fileRef = D31B54B01FB1D134003549AF /* MyMissionModel.swift */; };
		D31CD4A31F91B14700195686 /* CircleViewController.swift in Sources */ = {isa = PBXBuildFile; fileRef = D31CD4A21F91B14700195686 /* CircleViewController.swift */; };
		D31E970D1FA9F88200A78D3A /* ChangePasswordViewController.swift in Sources */ = {isa = PBXBuildFile; fileRef = D31E970C1FA9F88200A78D3A /* ChangePasswordViewController.swift */; };
		D31E970F1FA9F8CD00A78D3A /* IdentificationVerifiedInfomationViewController.swift in Sources */ = {isa = PBXBuildFile; fileRef = D31E970E1FA9F8CD00A78D3A /* IdentificationVerifiedInfomationViewController.swift */; };
		D31E97111FA9F8EC00A78D3A /* UploadIDInfomationViewController.swift in Sources */ = {isa = PBXBuildFile; fileRef = D31E97101FA9F8EC00A78D3A /* UploadIDInfomationViewController.swift */; };
		D31E97131FA9F91900A78D3A /* VerifyIDInfomationFailedViewController.swift in Sources */ = {isa = PBXBuildFile; fileRef = D31E97121FA9F91900A78D3A /* VerifyIDInfomationFailedViewController.swift */; };
		D31E97151FA9F95700A78D3A /* VerifyIDInfomationSucceededViewController.swift in Sources */ = {isa = PBXBuildFile; fileRef = D31E97141FA9F95700A78D3A /* VerifyIDInfomationSucceededViewController.swift */; };
		D31E97171FA9F9CE00A78D3A /* SelfInfomationTableViewController.swift in Sources */ = {isa = PBXBuildFile; fileRef = D31E97161FA9F9CE00A78D3A /* SelfInfomationTableViewController.swift */; };
		D31E97191FA9FBFB00A78D3A /* NotVerifiedIDInfomationViewController.swift in Sources */ = {isa = PBXBuildFile; fileRef = D31E97181FA9FBFB00A78D3A /* NotVerifiedIDInfomationViewController.swift */; };
		D31E971B1FA9FEB100A78D3A /* ProfileTableViewController.swift in Sources */ = {isa = PBXBuildFile; fileRef = D31E971A1FA9FEB100A78D3A /* ProfileTableViewController.swift */; };
		D31E971D1FAA02A400A78D3A /* AccessDeniedNotVerifiedIDInfomationViewController.swift in Sources */ = {isa = PBXBuildFile; fileRef = D31E971C1FAA02A400A78D3A /* AccessDeniedNotVerifiedIDInfomationViewController.swift */; };
		D32F81071FA2D01800FEBE4E /* MyIssueViewController.swift in Sources */ = {isa = PBXBuildFile; fileRef = D32F81061FA2D01800FEBE4E /* MyIssueViewController.swift */; };
		D334F5E01FA86564006E2769 /* FigureVoteTableViewCell.swift in Sources */ = {isa = PBXBuildFile; fileRef = D334F5DE1FA86564006E2769 /* FigureVoteTableViewCell.swift */; };
		D334F5E41FA86788006E2769 /* CircleVCTopicsTableViewCell.swift in Sources */ = {isa = PBXBuildFile; fileRef = D334F5E31FA86788006E2769 /* CircleVCTopicsTableViewCell.swift */; };
		D341AAA51F9AEE3F00E640E1 /* LoginViewController.swift in Sources */ = {isa = PBXBuildFile; fileRef = D341AAA41F9AEE3F00E640E1 /* LoginViewController.swift */; };
		D341AAA71F9AEE4D00E640E1 /* RegisterViewController.swift in Sources */ = {isa = PBXBuildFile; fileRef = D341AAA61F9AEE4D00E640E1 /* RegisterViewController.swift */; };
		D341AAAA1F9AF14100E640E1 /* Extension+UIViewController.swift in Sources */ = {isa = PBXBuildFile; fileRef = D341AAA91F9AF14100E640E1 /* Extension+UIViewController.swift */; };
		D345ABF21FB149A900FAB15F /* Network.swift in Sources */ = {isa = PBXBuildFile; fileRef = D345ABF11FB149A900FAB15F /* Network.swift */; };
		D345ABF51FB1505B00FAB15F /* TaskListModel.swift in Sources */ = {isa = PBXBuildFile; fileRef = D345ABF41FB1505B00FAB15F /* TaskListModel.swift */; };
		D347E5A61FA2091000FFE815 /* SpringView.xib in Resources */ = {isa = PBXBuildFile; fileRef = D347E5A51FA2091000FFE815 /* SpringView.xib */; };
		D347E5A81FA20B6B00FFE815 /* SpringView.swift in Sources */ = {isa = PBXBuildFile; fileRef = D347E5A71FA20B6B00FFE815 /* SpringView.swift */; };
		D3524C5F1FB40994004240A5 /* ProfileFollowingTableViewCell.swift in Sources */ = {isa = PBXBuildFile; fileRef = D3524C5E1FB40994004240A5 /* ProfileFollowingTableViewCell.swift */; };
		D359931C1F9C9B8C00F96103 /* MyScoreViewController.swift in Sources */ = {isa = PBXBuildFile; fileRef = D359931B1F9C9B8C00F96103 /* MyScoreViewController.swift */; };
		D360A6B31FB1E85500BC3ABC /* ActListModel.swift in Sources */ = {isa = PBXBuildFile; fileRef = D360A6B21FB1E85500BC3ABC /* ActListModel.swift */; };
		D36C86AF1F9F6F90000CCA17 /* FavUsersTableViewController.swift in Sources */ = {isa = PBXBuildFile; fileRef = D36C86AE1F9F6F90000CCA17 /* FavUsersTableViewController.swift */; };
		D36C86B61FA09EF0000CCA17 /* UsersListTableViewCell.swift in Sources */ = {isa = PBXBuildFile; fileRef = D36C86B41FA09EF0000CCA17 /* UsersListTableViewCell.swift */; };
		D36C86B71FA09EF0000CCA17 /* UsersListTableViewCell.xib in Resources */ = {isa = PBXBuildFile; fileRef = D36C86B51FA09EF0000CCA17 /* UsersListTableViewCell.xib */; };
		D36C86BA1FA0ACFD000CCA17 /* CommentViewController.swift in Sources */ = {isa = PBXBuildFile; fileRef = D36C86B81FA0ACFD000CCA17 /* CommentViewController.swift */; };
		D36C86BB1FA0ACFD000CCA17 /* CommentViewController.xib in Resources */ = {isa = PBXBuildFile; fileRef = D36C86B91FA0ACFD000CCA17 /* CommentViewController.xib */; };
		D36C86BE1FA0B279000CCA17 /* MomentDetialTableViewCell.swift in Sources */ = {isa = PBXBuildFile; fileRef = D36C86BC1FA0B279000CCA17 /* MomentDetialTableViewCell.swift */; };
		D36C86C21FA0B28D000CCA17 /* MomentDetialsCommentTableViewCell.swift in Sources */ = {isa = PBXBuildFile; fileRef = D36C86C01FA0B28D000CCA17 /* MomentDetialsCommentTableViewCell.swift */; };
		D36C86C51FA0B962000CCA17 /* MomentsCommentDetialViewController.swift in Sources */ = {isa = PBXBuildFile; fileRef = D36C86C41FA0B962000CCA17 /* MomentsCommentDetialViewController.swift */; };
		D36C86C71FA0C19A000CCA17 /* Share.xib in Resources */ = {isa = PBXBuildFile; fileRef = D36C86C61FA0C19A000CCA17 /* Share.xib */; };
		D36C86C91FA0C1A5000CCA17 /* Share.swift in Sources */ = {isa = PBXBuildFile; fileRef = D36C86C81FA0C1A5000CCA17 /* Share.swift */; };
		D3716F8E1FA8949300C31A48 /* SocialCharityListTableViewCell.swift in Sources */ = {isa = PBXBuildFile; fileRef = D3716F8D1FA8949300C31A48 /* SocialCharityListTableViewCell.swift */; };
		D3716F941FA89B0E00C31A48 /* FigureVoteListViewController.swift in Sources */ = {isa = PBXBuildFile; fileRef = D3716F931FA89B0E00C31A48 /* FigureVoteListViewController.swift */; };
		D3716F991FA89B4C00C31A48 /* FigureVoteListTableViewCell.swift in Sources */ = {isa = PBXBuildFile; fileRef = D3716F981FA89B4C00C31A48 /* FigureVoteListTableViewCell.swift */; };
		D37974A41FAAC72D006EA0EE /* CircleMomentsTableViewCell.swift in Sources */ = {isa = PBXBuildFile; fileRef = D37974A31FAAC72D006EA0EE /* CircleMomentsTableViewCell.swift */; };
		D3993BDF1F9B45C200AF62D9 /* MomentsViewController.swift in Sources */ = {isa = PBXBuildFile; fileRef = D3993BDE1F9B45C200AF62D9 /* MomentsViewController.swift */; };
		D39EFF331FAAC28400C6AE57 /* CircleMomentsViewController.swift in Sources */ = {isa = PBXBuildFile; fileRef = D39EFF321FAAC28400C6AE57 /* CircleMomentsViewController.swift */; };
		D39F63341FAACD9D00C69CA9 /* OthersMomentsTableViewCell.swift in Sources */ = {isa = PBXBuildFile; fileRef = D39F63331FAACD9C00C69CA9 /* OthersMomentsTableViewCell.swift */; };
		D39F63371FAACEDE00C69CA9 /* OthersMomentsViewController.swift in Sources */ = {isa = PBXBuildFile; fileRef = D39F63361FAACEDE00C69CA9 /* OthersMomentsViewController.swift */; };
		D39F9C6E1F9AE46800DD46F2 /* InitialLogin.storyboard in Resources */ = {isa = PBXBuildFile; fileRef = D39F9C6D1F9AE46800DD46F2 /* InitialLogin.storyboard */; };
		D3A193591F8DC74D002C1E23 /* AppDelegate.swift in Sources */ = {isa = PBXBuildFile; fileRef = D3A193581F8DC74D002C1E23 /* AppDelegate.swift */; };
		D3A1935E1F8DC74D002C1E23 /* Main.storyboard in Resources */ = {isa = PBXBuildFile; fileRef = D3A1935C1F8DC74D002C1E23 /* Main.storyboard */; };
		D3A193631F8DC74D002C1E23 /* LaunchScreen.storyboard in Resources */ = {isa = PBXBuildFile; fileRef = D3A193611F8DC74D002C1E23 /* LaunchScreen.storyboard */; };
		D3A1937F1F8DCA37002C1E23 /* Circle.storyboard in Resources */ = {isa = PBXBuildFile; fileRef = D3A1937E1F8DCA37002C1E23 /* Circle.storyboard */; };
		D3A193811F8DCA4F002C1E23 /* Announcement.storyboard in Resources */ = {isa = PBXBuildFile; fileRef = D3A193801F8DCA4F002C1E23 /* Announcement.storyboard */; };
		D3A193861F8DCB2E002C1E23 /* Null.storyboard in Resources */ = {isa = PBXBuildFile; fileRef = D3A193851F8DCB2E002C1E23 /* Null.storyboard */; };
		D3A193881F8DCB4C002C1E23 /* Help.storyboard in Resources */ = {isa = PBXBuildFile; fileRef = D3A193871F8DCB4C002C1E23 /* Help.storyboard */; };
		D3A1938C1F8DCBAA002C1E23 /* Profile.storyboard in Resources */ = {isa = PBXBuildFile; fileRef = D3A1938B1F8DCBAA002C1E23 /* Profile.storyboard */; };
		D3A1C0181FA9B09D0048EE60 /* ActivityConsultingCommentTableViewCell.swift in Sources */ = {isa = PBXBuildFile; fileRef = D3A1C0171FA9B09D0048EE60 /* ActivityConsultingCommentTableViewCell.swift */; };
		D3A2F1CC1FA890490030873F /* MissionDetialViewController.swift in Sources */ = {isa = PBXBuildFile; fileRef = D3A2F1CB1FA890490030873F /* MissionDetialViewController.swift */; };
		D3A54D291FAC0BFD0066C486 /* ChangeNickNameViewController.swift in Sources */ = {isa = PBXBuildFile; fileRef = D3A54D281FAC0BFD0066C486 /* ChangeNickNameViewController.swift */; };
		D3A54D2B1FAC3B980066C486 /* ReceivedMissionsViewController.swift in Sources */ = {isa = PBXBuildFile; fileRef = D3A54D2A1FAC3B980066C486 /* ReceivedMissionsViewController.swift */; };
		D3A54D2D1FAC3C8E0066C486 /* ReceivedMissionsTableViewCell.swift in Sources */ = {isa = PBXBuildFile; fileRef = D3A54D2C1FAC3C8E0066C486 /* ReceivedMissionsTableViewCell.swift */; };
		D3A54D2F1FAC41320066C486 /* HelpCategoryByTimeTableViewCell.swift in Sources */ = {isa = PBXBuildFile; fileRef = D3A54D2E1FAC41320066C486 /* HelpCategoryByTimeTableViewCell.swift */; };
		D3A54D311FAC41540066C486 /* HelpCategoryByCompletionStatusTableViewCell.swift in Sources */ = {isa = PBXBuildFile; fileRef = D3A54D301FAC41540066C486 /* HelpCategoryByCompletionStatusTableViewCell.swift */; };
		D3A54D331FAC41670066C486 /* HelpCategoryByScoreTableViewCell.swift in Sources */ = {isa = PBXBuildFile; fileRef = D3A54D321FAC41670066C486 /* HelpCategoryByScoreTableViewCell.swift */; };
		D3A54D371FAC42080066C486 /* HelpCategoryByTimeViewController.swift in Sources */ = {isa = PBXBuildFile; fileRef = D3A54D361FAC42080066C486 /* HelpCategoryByTimeViewController.swift */; };
		D3A54D391FAC42430066C486 /* HelpCategoryByCompletionStatusViewController.swift in Sources */ = {isa = PBXBuildFile; fileRef = D3A54D381FAC42430066C486 /* HelpCategoryByCompletionStatusViewController.swift */; };
		D3A54D3B1FAC424D0066C486 /* HelpCategoryByScoreViewController.swift in Sources */ = {isa = PBXBuildFile; fileRef = D3A54D3A1FAC424D0066C486 /* HelpCategoryByScoreViewController.swift */; };
		D3A54D441FAD5A770066C486 /* LotteryDetialViewController.swift in Sources */ = {isa = PBXBuildFile; fileRef = D3A54D431FAD5A770066C486 /* LotteryDetialViewController.swift */; };
		D3A54D461FAD622D0066C486 /* ActivityVoteCounsultantCompletedViewController.swift in Sources */ = {isa = PBXBuildFile; fileRef = D3A54D451FAD622D0066C486 /* ActivityVoteCounsultantCompletedViewController.swift */; };
		D3A54D481FAD643C0066C486 /* SocialAnnouncementDetialViewController.swift in Sources */ = {isa = PBXBuildFile; fileRef = D3A54D471FAD643C0066C486 /* SocialAnnouncementDetialViewController.swift */; };
		D3A54D4E1FAD9D990066C486 /* ActivityVoteEndedViewController.swift in Sources */ = {isa = PBXBuildFile; fileRef = D3A54D4D1FAD9D990066C486 /* ActivityVoteEndedViewController.swift */; };
		D3B4FE471FA455060018FADD /* SocialCharityViewController.swift in Sources */ = {isa = PBXBuildFile; fileRef = D3B4FE461FA455060018FADD /* SocialCharityViewController.swift */; };
		D3B4FE491FA4551D0018FADD /* MessageAndMomentViewController.swift in Sources */ = {isa = PBXBuildFile; fileRef = D3B4FE481FA4551D0018FADD /* MessageAndMomentViewController.swift */; };
		D3BEA88C1FA3901200E4595E /* MyFollowingsViewController.swift in Sources */ = {isa = PBXBuildFile; fileRef = D3BEA88B1FA3901200E4595E /* MyFollowingsViewController.swift */; };
		D3BEA88E1FA3903100E4595E /* MyFollowersViewController.swift in Sources */ = {isa = PBXBuildFile; fileRef = D3BEA88D1FA3903100E4595E /* MyFollowersViewController.swift */; };
		D3BEA89D1FA39E3000E4595E /* MyMissionsViewController.swift in Sources */ = {isa = PBXBuildFile; fileRef = D3BEA89C1FA39E3000E4595E /* MyMissionsViewController.swift */; };
		D3C1D6CB1FA6D7E100207E38 /* AnnouncementViewController.swift in Sources */ = {isa = PBXBuildFile; fileRef = D3C1D6CA1FA6D7E100207E38 /* AnnouncementViewController.swift */; };
		D3D1FD751FA80B8F009A2E58 /* SocialAnnouncementTableViewCell.swift in Sources */ = {isa = PBXBuildFile; fileRef = D3D1FD731FA80B8F009A2E58 /* SocialAnnouncementTableViewCell.swift */; };
		D3D1FD791FA80BA9009A2E58 /* LotteryTableViewCell.swift in Sources */ = {isa = PBXBuildFile; fileRef = D3D1FD771FA80BA9009A2E58 /* LotteryTableViewCell.swift */; };
		D3D1FD7D1FA80BB7009A2E58 /* ActivityVoteTableViewCell.swift in Sources */ = {isa = PBXBuildFile; fileRef = D3D1FD7B1FA80BB7009A2E58 /* ActivityVoteTableViewCell.swift */; };
		D3D1FD801FA8116D009A2E58 /* SocialAnnouncementViewController.swift in Sources */ = {isa = PBXBuildFile; fileRef = D3D1FD7F1FA8116D009A2E58 /* SocialAnnouncementViewController.swift */; };
		D3D1FD821FA81179009A2E58 /* LotteryViewController.swift in Sources */ = {isa = PBXBuildFile; fileRef = D3D1FD811FA81179009A2E58 /* LotteryViewController.swift */; };
		D3D1FD841FA81187009A2E58 /* VoteViewController.swift in Sources */ = {isa = PBXBuildFile; fileRef = D3D1FD831FA81187009A2E58 /* VoteViewController.swift */; };
		D3D2D7871FAB0FBA0020EE4B /* ShareSDK-Extension.swift in Sources */ = {isa = PBXBuildFile; fileRef = D3D2D7861FAB0FBA0020EE4B /* ShareSDK-Extension.swift */; };
		D3E5F0711FA9C28600FA9C53 /* WriteCommentViewController.swift in Sources */ = {isa = PBXBuildFile; fileRef = D3E5F0701FA9C28600FA9C53 /* WriteCommentViewController.swift */; };
		D3E5F0731FA9E32500FA9C53 /* ForgetPasswordViewController.swift in Sources */ = {isa = PBXBuildFile; fileRef = D3E5F0721FA9E32500FA9C53 /* ForgetPasswordViewController.swift */; };
		D3EEB35C1F9F69C400406555 /* MyFavouriteViewController.swift in Sources */ = {isa = PBXBuildFile; fileRef = D3EEB35B1F9F69C400406555 /* MyFavouriteViewController.swift */; };
		D3F6B1851F9A10A0004D0A20 /* HelpViewController.swift in Sources */ = {isa = PBXBuildFile; fileRef = D3F6B1841F9A10A0004D0A20 /* HelpViewController.swift */; };
		D3F6B1891F9A1359004D0A20 /* Extension+Colors.swift in Sources */ = {isa = PBXBuildFile; fileRef = D3F6B1881F9A1359004D0A20 /* Extension+Colors.swift */; };
		D3FAC7D61FA9648500D972B9 /* IssueTopicsViewController.swift in Sources */ = {isa = PBXBuildFile; fileRef = D3FAC7D41FA9648500D972B9 /* IssueTopicsViewController.swift */; };
		D3FAC7D71FA9648500D972B9 /* IssueTopicsViewController.xib in Resources */ = {isa = PBXBuildFile; fileRef = D3FAC7D51FA9648500D972B9 /* IssueTopicsViewController.xib */; };
		D3FAC7DA1FA9691200D972B9 /* IssueMissionViewController.swift in Sources */ = {isa = PBXBuildFile; fileRef = D3FAC7D81FA9691200D972B9 /* IssueMissionViewController.swift */; };
		D3FAC7DB1FA9691200D972B9 /* IssueMissionViewController.xib in Resources */ = {isa = PBXBuildFile; fileRef = D3FAC7D91FA9691200D972B9 /* IssueMissionViewController.xib */; };
		D3FAC7DE1FA96A2A00D972B9 /* QuickViewMessgaesViewController.swift in Sources */ = {isa = PBXBuildFile; fileRef = D3FAC7DC1FA96A2A00D972B9 /* QuickViewMessgaesViewController.swift */; };
		D3FAC7E11FA96AD400D972B9 /* QuickViewMessgaes.storyboard in Resources */ = {isa = PBXBuildFile; fileRef = D3FAC7E01FA96AD400D972B9 /* QuickViewMessgaes.storyboard */; };
		D3FAC7E31FA974DB00D972B9 /* QuickMessageListTableViewCell.swift in Sources */ = {isa = PBXBuildFile; fileRef = D3FAC7E21FA974DB00D972B9 /* QuickMessageListTableViewCell.swift */; };
		D3FAC7E91FA97E9E00D972B9 /* ActivityVoteConsultingViewController.swift in Sources */ = {isa = PBXBuildFile; fileRef = D3FAC7E71FA97E9E00D972B9 /* ActivityVoteConsultingViewController.swift */; };
		D3FAC7ED1FA97ECD00D972B9 /* ActivityUnderVotingViewController.swift in Sources */ = {isa = PBXBuildFile; fileRef = D3FAC7EB1FA97ECD00D972B9 /* ActivityUnderVotingViewController.swift */; };
		D3FAC7F41FA99B7200D972B9 /* FigureVoteDetialViewController.swift in Sources */ = {isa = PBXBuildFile; fileRef = D3FAC7F31FA99B7200D972B9 /* FigureVoteDetialViewController.swift */; };
		D3FAC7F61FA99B8A00D972B9 /* FigureVoteJoinViewController.swift in Sources */ = {isa = PBXBuildFile; fileRef = D3FAC7F51FA99B8A00D972B9 /* FigureVoteJoinViewController.swift */; };
		D3FE2FFE1FA45B0100FAD95E /* SocialCharityDetialViewController.swift in Sources */ = {isa = PBXBuildFile; fileRef = D3FE2FFD1FA45B0100FAD95E /* SocialCharityDetialViewController.swift */; };
		D3FE30001FA45B2100FAD95E /* ConsultViewController.swift in Sources */ = {isa = PBXBuildFile; fileRef = D3FE2FFF1FA45B2100FAD95E /* ConsultViewController.swift */; };
/* End PBXBuildFile section */

/* Begin PBXCopyFilesBuildPhase section */
		B692F89D1F91F19000C75B41 /* CopyFiles */ = {
			isa = PBXCopyFilesBuildPhase;
			buildActionMask = 2147483647;
			dstPath = "";
			dstSubfolderSpec = 10;
			files = (
				B6DD94091FAF0BB400A416E1 /* NoticeBar.framework in CopyFiles */,
				B6DD940A1FAF0BB400A416E1 /* AZDialogViewController.framework in CopyFiles */,
				B692F89E1F91F1A700C75B41 /* AFNetworking.framework in CopyFiles */,
				B692F89F1F91F1A700C75B41 /* SDWebImage.framework in CopyFiles */,
			);
			runOnlyForDeploymentPostprocessing = 0;
		};
		D369E0911F8DF57900FDB7E8 /* Embed Frameworks */ = {
			isa = PBXCopyFilesBuildPhase;
			buildActionMask = 2147483647;
			dstPath = "";
			dstSubfolderSpec = 10;
			files = (
			);
			name = "Embed Frameworks";
			runOnlyForDeploymentPostprocessing = 0;
		};
/* End PBXCopyFilesBuildPhase section */

/* Begin PBXFileReference section */
		0C24ABCE591C5A1B847A1370 /* Pods_Neighbourhoods.framework */ = {isa = PBXFileReference; explicitFileType = wrapper.framework; includeInIndex = 0; path = Pods_Neighbourhoods.framework; sourceTree = BUILT_PRODUCTS_DIR; };
		56A90F244786FDA4494474D0 /* Pods-Neighbourhoods.debug.xcconfig */ = {isa = PBXFileReference; includeInIndex = 1; lastKnownFileType = text.xcconfig; name = "Pods-Neighbourhoods.debug.xcconfig"; path = "Pods/Target Support Files/Pods-Neighbourhoods/Pods-Neighbourhoods.debug.xcconfig"; sourceTree = "<group>"; };
		B6098D3D1FA9A56E00FC0BAD /* Extension+String.swift */ = {isa = PBXFileReference; lastKnownFileType = sourcecode.swift; path = "Extension+String.swift"; sourceTree = "<group>"; };
		B646FDD21FB18D4C00990357 /* NborTopicModel.swift */ = {isa = PBXFileReference; lastKnownFileType = sourcecode.swift; path = NborTopicModel.swift; sourceTree = "<group>"; };
		B678E6491FA36899003F7638 /* NetWorkTool.swift */ = {isa = PBXFileReference; lastKnownFileType = sourcecode.swift; path = NetWorkTool.swift; sourceTree = "<group>"; };
		B681C9DB1FA9ED06008006D6 /* LXQHeader.swift */ = {isa = PBXFileReference; lastKnownFileType = sourcecode.swift; path = LXQHeader.swift; sourceTree = "<group>"; };
		B692F8991F91F17E00C75B41 /* SDWebImage.framework */ = {isa = PBXFileReference; lastKnownFileType = wrapper.framework; name = SDWebImage.framework; path = Carthage/Build/iOS/SDWebImage.framework; sourceTree = "<group>"; };
		B692F89A1F91F17E00C75B41 /* AFNetworking.framework */ = {isa = PBXFileReference; lastKnownFileType = wrapper.framework; name = AFNetworking.framework; path = Carthage/Build/iOS/AFNetworking.framework; sourceTree = "<group>"; };
		B692F8A01F91F1DF00C75B41 /* LoopView.swift */ = {isa = PBXFileReference; lastKnownFileType = sourcecode.swift; path = LoopView.swift; sourceTree = "<group>"; };
		B6DD94051FAF0B9E00A416E1 /* AZDialogViewController.framework */ = {isa = PBXFileReference; lastKnownFileType = wrapper.framework; name = AZDialogViewController.framework; path = Carthage/Build/iOS/AZDialogViewController.framework; sourceTree = "<group>"; };
		B6DD94071FAF0BA600A416E1 /* NoticeBar.framework */ = {isa = PBXFileReference; lastKnownFileType = wrapper.framework; name = NoticeBar.framework; path = Carthage/Build/iOS/NoticeBar.framework; sourceTree = "<group>"; };
		B6ECB6F41FA804DE006C2BCC /* NSDate-Extension.swift */ = {isa = PBXFileReference; lastKnownFileType = sourcecode.swift; path = "NSDate-Extension.swift"; sourceTree = "<group>"; };
		B6ECB71C1FA858FE006C2BCC /* NborCircleModel.swift */ = {isa = PBXFileReference; lastKnownFileType = sourcecode.swift; path = NborCircleModel.swift; sourceTree = "<group>"; };
		B6ECB71E1FA85E7E006C2BCC /* UserModel.swift */ = {isa = PBXFileReference; lastKnownFileType = sourcecode.swift; path = UserModel.swift; sourceTree = "<group>"; };
		B6F71F381FA9647300BB8B90 /* NewsRotationModel.swift */ = {isa = PBXFileReference; lastKnownFileType = sourcecode.swift; path = NewsRotationModel.swift; sourceTree = "<group>"; };
		CF6C6FCE95D274E0C52054A6 /* Pods-Neighbourhoods.release.xcconfig */ = {isa = PBXFileReference; includeInIndex = 1; lastKnownFileType = text.xcconfig; name = "Pods-Neighbourhoods.release.xcconfig"; path = "Pods/Target Support Files/Pods-Neighbourhoods/Pods-Neighbourhoods.release.xcconfig"; sourceTree = "<group>"; };
		D30A17CD1FAF2DA4007820D3 /* MomentsLatestIssueTableViewController.swift */ = {isa = PBXFileReference; lastKnownFileType = sourcecode.swift; path = MomentsLatestIssueTableViewController.swift; sourceTree = "<group>"; };
		D30A17CF1FAF2DB4007820D3 /* MomentsHotestTopicTableViewController.swift */ = {isa = PBXFileReference; lastKnownFileType = sourcecode.swift; path = MomentsHotestTopicTableViewController.swift; sourceTree = "<group>"; };
		D30A17D11FAF2DD9007820D3 /* MomentsTopicsClassificationTableViewController.swift */ = {isa = PBXFileReference; lastKnownFileType = sourcecode.swift; path = MomentsTopicsClassificationTableViewController.swift; sourceTree = "<group>"; };
		D30A17D31FAF2E07007820D3 /* TopicDetialTableViewController.swift */ = {isa = PBXFileReference; lastKnownFileType = sourcecode.swift; path = TopicDetialTableViewController.swift; sourceTree = "<group>"; };
		D30A17D71FAF2EAA007820D3 /* SecondaryCommentTableViewController.swift */ = {isa = PBXFileReference; lastKnownFileType = sourcecode.swift; path = SecondaryCommentTableViewController.swift; sourceTree = "<group>"; };
		D30A17D91FAF328E007820D3 /* MomentsLatestIssueTableViewCell.swift */ = {isa = PBXFileReference; lastKnownFileType = sourcecode.swift; path = MomentsLatestIssueTableViewCell.swift; sourceTree = "<group>"; };
		D30A17DB1FAF32B7007820D3 /* MomentsHotestTopicTableViewCell.swift */ = {isa = PBXFileReference; lastKnownFileType = sourcecode.swift; path = MomentsHotestTopicTableViewCell.swift; sourceTree = "<group>"; };
		D30A17DD1FAF32C4007820D3 /* MomentsTopicsClassificationTableViewCell.swift */ = {isa = PBXFileReference; lastKnownFileType = sourcecode.swift; path = MomentsTopicsClassificationTableViewCell.swift; sourceTree = "<group>"; };
		D30A17E11FAF3301007820D3 /* SecondaryCommentHeaderTableViewCell.swift */ = {isa = PBXFileReference; lastKnownFileType = sourcecode.swift; path = SecondaryCommentHeaderTableViewCell.swift; sourceTree = "<group>"; };
		D30A17E31FAF3318007820D3 /* SecondaryCommentDetialTableViewCell.swift */ = {isa = PBXFileReference; lastKnownFileType = sourcecode.swift; path = SecondaryCommentDetialTableViewCell.swift; sourceTree = "<group>"; };
		D30A17E51FAF339D007820D3 /* TopicDetialTableViewCell.swift */ = {isa = PBXFileReference; lastKnownFileType = sourcecode.swift; path = TopicDetialTableViewCell.swift; sourceTree = "<group>"; };
		D30A17E71FAF39FE007820D3 /* MomentsCommentDetialHeaderTableViewCell.swift */ = {isa = PBXFileReference; lastKnownFileType = sourcecode.swift; path = MomentsCommentDetialHeaderTableViewCell.swift; sourceTree = "<group>"; };
		D30A17E91FAF3A86007820D3 /* MomentsCommentDetialSpecificCommentTableViewCell.swift */ = {isa = PBXFileReference; lastKnownFileType = sourcecode.swift; path = MomentsCommentDetialSpecificCommentTableViewCell.swift; sourceTree = "<group>"; };
		D30ED0ED1FAAEB1E007A5858 /* Assets.xcassets */ = {isa = PBXFileReference; lastKnownFileType = folder.assetcatalog; path = Assets.xcassets; sourceTree = "<group>"; };
		D30ED0F31FAAF6FC007A5858 /* SettingsViewController.swift */ = {isa = PBXFileReference; lastKnownFileType = sourcecode.swift; path = SettingsViewController.swift; sourceTree = "<group>"; };
		D30ED0F51FAAF832007A5858 /* SelectDistrictTableViewController.swift */ = {isa = PBXFileReference; lastKnownFileType = sourcecode.swift; path = SelectDistrictTableViewController.swift; sourceTree = "<group>"; };
		D31735841FA8923100C97B60 /* MyMissionsTableViewCell.swift */ = {isa = PBXFileReference; lastKnownFileType = sourcecode.swift; path = MyMissionsTableViewCell.swift; sourceTree = "<group>"; };
		D31B360C1F9C6D8300313268 /* MainViewController.swift */ = {isa = PBXFileReference; lastKnownFileType = sourcecode.swift; path = MainViewController.swift; sourceTree = "<group>"; };
		D31B360F1F9C768A00313268 /* SystemConstantValue.swift */ = {isa = PBXFileReference; lastKnownFileType = sourcecode.swift; path = SystemConstantValue.swift; sourceTree = "<group>"; };
		D31B54AC1FB1A1F3003549AF /* SocialOrgListModel.swift */ = {isa = PBXFileReference; lastKnownFileType = sourcecode.swift; path = SocialOrgListModel.swift; sourceTree = "<group>"; };
		D31B54AE1FB1AF29003549AF /* SocialOrgDetModel.swift */ = {isa = PBXFileReference; lastKnownFileType = sourcecode.swift; path = SocialOrgDetModel.swift; sourceTree = "<group>"; };
		D31B54B01FB1D134003549AF /* MyMissionModel.swift */ = {isa = PBXFileReference; lastKnownFileType = sourcecode.swift; path = MyMissionModel.swift; sourceTree = "<group>"; };
		D31CD4A21F91B14700195686 /* CircleViewController.swift */ = {isa = PBXFileReference; lastKnownFileType = sourcecode.swift; path = CircleViewController.swift; sourceTree = "<group>"; };
		D31E970C1FA9F88200A78D3A /* ChangePasswordViewController.swift */ = {isa = PBXFileReference; lastKnownFileType = sourcecode.swift; path = ChangePasswordViewController.swift; sourceTree = "<group>"; };
		D31E970E1FA9F8CD00A78D3A /* IdentificationVerifiedInfomationViewController.swift */ = {isa = PBXFileReference; lastKnownFileType = sourcecode.swift; path = IdentificationVerifiedInfomationViewController.swift; sourceTree = "<group>"; };
		D31E97101FA9F8EC00A78D3A /* UploadIDInfomationViewController.swift */ = {isa = PBXFileReference; lastKnownFileType = sourcecode.swift; path = UploadIDInfomationViewController.swift; sourceTree = "<group>"; };
		D31E97121FA9F91900A78D3A /* VerifyIDInfomationFailedViewController.swift */ = {isa = PBXFileReference; lastKnownFileType = sourcecode.swift; path = VerifyIDInfomationFailedViewController.swift; sourceTree = "<group>"; };
		D31E97141FA9F95700A78D3A /* VerifyIDInfomationSucceededViewController.swift */ = {isa = PBXFileReference; lastKnownFileType = sourcecode.swift; path = VerifyIDInfomationSucceededViewController.swift; sourceTree = "<group>"; };
		D31E97161FA9F9CE00A78D3A /* SelfInfomationTableViewController.swift */ = {isa = PBXFileReference; lastKnownFileType = sourcecode.swift; path = SelfInfomationTableViewController.swift; sourceTree = "<group>"; };
		D31E97181FA9FBFB00A78D3A /* NotVerifiedIDInfomationViewController.swift */ = {isa = PBXFileReference; lastKnownFileType = sourcecode.swift; path = NotVerifiedIDInfomationViewController.swift; sourceTree = "<group>"; };
		D31E971A1FA9FEB100A78D3A /* ProfileTableViewController.swift */ = {isa = PBXFileReference; lastKnownFileType = sourcecode.swift; path = ProfileTableViewController.swift; sourceTree = "<group>"; };
		D31E971C1FAA02A400A78D3A /* AccessDeniedNotVerifiedIDInfomationViewController.swift */ = {isa = PBXFileReference; lastKnownFileType = sourcecode.swift; path = AccessDeniedNotVerifiedIDInfomationViewController.swift; sourceTree = "<group>"; };
		D32F81061FA2D01800FEBE4E /* MyIssueViewController.swift */ = {isa = PBXFileReference; lastKnownFileType = sourcecode.swift; path = MyIssueViewController.swift; sourceTree = "<group>"; };
		D334F5DE1FA86564006E2769 /* FigureVoteTableViewCell.swift */ = {isa = PBXFileReference; lastKnownFileType = sourcecode.swift; path = FigureVoteTableViewCell.swift; sourceTree = "<group>"; };
		D334F5E31FA86788006E2769 /* CircleVCTopicsTableViewCell.swift */ = {isa = PBXFileReference; lastKnownFileType = sourcecode.swift; path = CircleVCTopicsTableViewCell.swift; sourceTree = "<group>"; };
		D341AAA41F9AEE3F00E640E1 /* LoginViewController.swift */ = {isa = PBXFileReference; lastKnownFileType = sourcecode.swift; path = LoginViewController.swift; sourceTree = "<group>"; };
		D341AAA61F9AEE4D00E640E1 /* RegisterViewController.swift */ = {isa = PBXFileReference; lastKnownFileType = sourcecode.swift; path = RegisterViewController.swift; sourceTree = "<group>"; };
		D341AAA91F9AF14100E640E1 /* Extension+UIViewController.swift */ = {isa = PBXFileReference; lastKnownFileType = sourcecode.swift; path = "Extension+UIViewController.swift"; sourceTree = "<group>"; };
		D345ABF11FB149A900FAB15F /* Network.swift */ = {isa = PBXFileReference; lastKnownFileType = sourcecode.swift; path = Network.swift; sourceTree = "<group>"; };
		D345ABF41FB1505B00FAB15F /* TaskListModel.swift */ = {isa = PBXFileReference; lastKnownFileType = sourcecode.swift; path = TaskListModel.swift; sourceTree = "<group>"; };
		D347E5A51FA2091000FFE815 /* SpringView.xib */ = {isa = PBXFileReference; lastKnownFileType = file.xib; path = SpringView.xib; sourceTree = "<group>"; };
		D347E5A71FA20B6B00FFE815 /* SpringView.swift */ = {isa = PBXFileReference; lastKnownFileType = sourcecode.swift; path = SpringView.swift; sourceTree = "<group>"; };
		D3524C5E1FB40994004240A5 /* ProfileFollowingTableViewCell.swift */ = {isa = PBXFileReference; lastKnownFileType = sourcecode.swift; path = ProfileFollowingTableViewCell.swift; sourceTree = "<group>"; };
		D359931B1F9C9B8C00F96103 /* MyScoreViewController.swift */ = {isa = PBXFileReference; lastKnownFileType = sourcecode.swift; path = MyScoreViewController.swift; sourceTree = "<group>"; };
		D360A6B21FB1E85500BC3ABC /* ActListModel.swift */ = {isa = PBXFileReference; lastKnownFileType = sourcecode.swift; path = ActListModel.swift; sourceTree = "<group>"; };
		D36C86AE1F9F6F90000CCA17 /* FavUsersTableViewController.swift */ = {isa = PBXFileReference; lastKnownFileType = sourcecode.swift; path = FavUsersTableViewController.swift; sourceTree = "<group>"; };
		D36C86B41FA09EF0000CCA17 /* UsersListTableViewCell.swift */ = {isa = PBXFileReference; lastKnownFileType = sourcecode.swift; path = UsersListTableViewCell.swift; sourceTree = "<group>"; };
		D36C86B51FA09EF0000CCA17 /* UsersListTableViewCell.xib */ = {isa = PBXFileReference; lastKnownFileType = file.xib; path = UsersListTableViewCell.xib; sourceTree = "<group>"; };
		D36C86B81FA0ACFD000CCA17 /* CommentViewController.swift */ = {isa = PBXFileReference; lastKnownFileType = sourcecode.swift; path = CommentViewController.swift; sourceTree = "<group>"; };
		D36C86B91FA0ACFD000CCA17 /* CommentViewController.xib */ = {isa = PBXFileReference; lastKnownFileType = file.xib; path = CommentViewController.xib; sourceTree = "<group>"; };
		D36C86BC1FA0B279000CCA17 /* MomentDetialTableViewCell.swift */ = {isa = PBXFileReference; lastKnownFileType = sourcecode.swift; path = MomentDetialTableViewCell.swift; sourceTree = "<group>"; };
		D36C86C01FA0B28D000CCA17 /* MomentDetialsCommentTableViewCell.swift */ = {isa = PBXFileReference; lastKnownFileType = sourcecode.swift; path = MomentDetialsCommentTableViewCell.swift; sourceTree = "<group>"; };
		D36C86C41FA0B962000CCA17 /* MomentsCommentDetialViewController.swift */ = {isa = PBXFileReference; lastKnownFileType = sourcecode.swift; path = MomentsCommentDetialViewController.swift; sourceTree = "<group>"; };
		D36C86C61FA0C19A000CCA17 /* Share.xib */ = {isa = PBXFileReference; lastKnownFileType = file.xib; path = Share.xib; sourceTree = "<group>"; };
		D36C86C81FA0C1A5000CCA17 /* Share.swift */ = {isa = PBXFileReference; lastKnownFileType = sourcecode.swift; path = Share.swift; sourceTree = "<group>"; };
		D3716F8D1FA8949300C31A48 /* SocialCharityListTableViewCell.swift */ = {isa = PBXFileReference; lastKnownFileType = sourcecode.swift; path = SocialCharityListTableViewCell.swift; sourceTree = "<group>"; };
		D3716F931FA89B0E00C31A48 /* FigureVoteListViewController.swift */ = {isa = PBXFileReference; lastKnownFileType = sourcecode.swift; path = FigureVoteListViewController.swift; sourceTree = "<group>"; };
		D3716F981FA89B4C00C31A48 /* FigureVoteListTableViewCell.swift */ = {isa = PBXFileReference; lastKnownFileType = sourcecode.swift; path = FigureVoteListTableViewCell.swift; sourceTree = "<group>"; };
		D37974A31FAAC72D006EA0EE /* CircleMomentsTableViewCell.swift */ = {isa = PBXFileReference; lastKnownFileType = sourcecode.swift; path = CircleMomentsTableViewCell.swift; sourceTree = "<group>"; };
		D3993BDE1F9B45C200AF62D9 /* MomentsViewController.swift */ = {isa = PBXFileReference; lastKnownFileType = sourcecode.swift; path = MomentsViewController.swift; sourceTree = "<group>"; };
		D39EFF321FAAC28400C6AE57 /* CircleMomentsViewController.swift */ = {isa = PBXFileReference; lastKnownFileType = sourcecode.swift; path = CircleMomentsViewController.swift; sourceTree = "<group>"; };
		D39F63331FAACD9C00C69CA9 /* OthersMomentsTableViewCell.swift */ = {isa = PBXFileReference; lastKnownFileType = sourcecode.swift; path = OthersMomentsTableViewCell.swift; sourceTree = "<group>"; };
		D39F63361FAACEDE00C69CA9 /* OthersMomentsViewController.swift */ = {isa = PBXFileReference; lastKnownFileType = sourcecode.swift; path = OthersMomentsViewController.swift; sourceTree = "<group>"; };
		D39F9C6D1F9AE46800DD46F2 /* InitialLogin.storyboard */ = {isa = PBXFileReference; lastKnownFileType = file.storyboard; path = InitialLogin.storyboard; sourceTree = "<group>"; };
		D3A193551F8DC74D002C1E23 /* Neighbourhoods.app */ = {isa = PBXFileReference; explicitFileType = wrapper.application; includeInIndex = 0; path = Neighbourhoods.app; sourceTree = BUILT_PRODUCTS_DIR; };
		D3A193581F8DC74D002C1E23 /* AppDelegate.swift */ = {isa = PBXFileReference; lastKnownFileType = sourcecode.swift; path = AppDelegate.swift; sourceTree = "<group>"; };
		D3A1935D1F8DC74D002C1E23 /* Base */ = {isa = PBXFileReference; lastKnownFileType = file.storyboard; name = Base; path = Base.lproj/Main.storyboard; sourceTree = "<group>"; };
		D3A193621F8DC74D002C1E23 /* Base */ = {isa = PBXFileReference; lastKnownFileType = file.storyboard; name = Base; path = Base.lproj/LaunchScreen.storyboard; sourceTree = "<group>"; };
		D3A193641F8DC74D002C1E23 /* Info.plist */ = {isa = PBXFileReference; lastKnownFileType = text.plist.xml; path = Info.plist; sourceTree = "<group>"; };
		D3A1937E1F8DCA37002C1E23 /* Circle.storyboard */ = {isa = PBXFileReference; fileEncoding = 4; lastKnownFileType = file.storyboard; path = Circle.storyboard; sourceTree = "<group>"; };
		D3A193801F8DCA4F002C1E23 /* Announcement.storyboard */ = {isa = PBXFileReference; fileEncoding = 4; lastKnownFileType = file.storyboard; path = Announcement.storyboard; sourceTree = "<group>"; };
		D3A193851F8DCB2E002C1E23 /* Null.storyboard */ = {isa = PBXFileReference; fileEncoding = 4; lastKnownFileType = file.storyboard; path = Null.storyboard; sourceTree = "<group>"; };
		D3A193871F8DCB4C002C1E23 /* Help.storyboard */ = {isa = PBXFileReference; fileEncoding = 4; lastKnownFileType = file.storyboard; path = Help.storyboard; sourceTree = "<group>"; };
		D3A1938B1F8DCBAA002C1E23 /* Profile.storyboard */ = {isa = PBXFileReference; fileEncoding = 4; lastKnownFileType = file.storyboard; path = Profile.storyboard; sourceTree = "<group>"; };
		D3A1C0171FA9B09D0048EE60 /* ActivityConsultingCommentTableViewCell.swift */ = {isa = PBXFileReference; lastKnownFileType = sourcecode.swift; path = ActivityConsultingCommentTableViewCell.swift; sourceTree = "<group>"; };
		D3A2F1CB1FA890490030873F /* MissionDetialViewController.swift */ = {isa = PBXFileReference; lastKnownFileType = sourcecode.swift; path = MissionDetialViewController.swift; sourceTree = "<group>"; };
		D3A54D281FAC0BFD0066C486 /* ChangeNickNameViewController.swift */ = {isa = PBXFileReference; lastKnownFileType = sourcecode.swift; path = ChangeNickNameViewController.swift; sourceTree = "<group>"; };
		D3A54D2A1FAC3B980066C486 /* ReceivedMissionsViewController.swift */ = {isa = PBXFileReference; lastKnownFileType = sourcecode.swift; path = ReceivedMissionsViewController.swift; sourceTree = "<group>"; };
		D3A54D2C1FAC3C8E0066C486 /* ReceivedMissionsTableViewCell.swift */ = {isa = PBXFileReference; lastKnownFileType = sourcecode.swift; path = ReceivedMissionsTableViewCell.swift; sourceTree = "<group>"; };
		D3A54D2E1FAC41320066C486 /* HelpCategoryByTimeTableViewCell.swift */ = {isa = PBXFileReference; lastKnownFileType = sourcecode.swift; path = HelpCategoryByTimeTableViewCell.swift; sourceTree = "<group>"; };
		D3A54D301FAC41540066C486 /* HelpCategoryByCompletionStatusTableViewCell.swift */ = {isa = PBXFileReference; lastKnownFileType = sourcecode.swift; path = HelpCategoryByCompletionStatusTableViewCell.swift; sourceTree = "<group>"; };
		D3A54D321FAC41670066C486 /* HelpCategoryByScoreTableViewCell.swift */ = {isa = PBXFileReference; lastKnownFileType = sourcecode.swift; path = HelpCategoryByScoreTableViewCell.swift; sourceTree = "<group>"; };
		D3A54D361FAC42080066C486 /* HelpCategoryByTimeViewController.swift */ = {isa = PBXFileReference; lastKnownFileType = sourcecode.swift; path = HelpCategoryByTimeViewController.swift; sourceTree = "<group>"; };
		D3A54D381FAC42430066C486 /* HelpCategoryByCompletionStatusViewController.swift */ = {isa = PBXFileReference; lastKnownFileType = sourcecode.swift; path = HelpCategoryByCompletionStatusViewController.swift; sourceTree = "<group>"; };
		D3A54D3A1FAC424D0066C486 /* HelpCategoryByScoreViewController.swift */ = {isa = PBXFileReference; lastKnownFileType = sourcecode.swift; path = HelpCategoryByScoreViewController.swift; sourceTree = "<group>"; };
		D3A54D431FAD5A770066C486 /* LotteryDetialViewController.swift */ = {isa = PBXFileReference; lastKnownFileType = sourcecode.swift; path = LotteryDetialViewController.swift; sourceTree = "<group>"; };
		D3A54D451FAD622D0066C486 /* ActivityVoteCounsultantCompletedViewController.swift */ = {isa = PBXFileReference; lastKnownFileType = sourcecode.swift; path = ActivityVoteCounsultantCompletedViewController.swift; sourceTree = "<group>"; };
		D3A54D471FAD643C0066C486 /* SocialAnnouncementDetialViewController.swift */ = {isa = PBXFileReference; lastKnownFileType = sourcecode.swift; path = SocialAnnouncementDetialViewController.swift; sourceTree = "<group>"; };
		D3A54D4D1FAD9D990066C486 /* ActivityVoteEndedViewController.swift */ = {isa = PBXFileReference; lastKnownFileType = sourcecode.swift; path = ActivityVoteEndedViewController.swift; sourceTree = "<group>"; };
		D3B4FE461FA455060018FADD /* SocialCharityViewController.swift */ = {isa = PBXFileReference; lastKnownFileType = sourcecode.swift; path = SocialCharityViewController.swift; sourceTree = "<group>"; };
		D3B4FE481FA4551D0018FADD /* MessageAndMomentViewController.swift */ = {isa = PBXFileReference; lastKnownFileType = sourcecode.swift; path = MessageAndMomentViewController.swift; sourceTree = "<group>"; };
		D3BEA88B1FA3901200E4595E /* MyFollowingsViewController.swift */ = {isa = PBXFileReference; lastKnownFileType = sourcecode.swift; path = MyFollowingsViewController.swift; sourceTree = "<group>"; };
		D3BEA88D1FA3903100E4595E /* MyFollowersViewController.swift */ = {isa = PBXFileReference; lastKnownFileType = sourcecode.swift; path = MyFollowersViewController.swift; sourceTree = "<group>"; };
		D3BEA8991FA3942500E4595E /* Neighbourhoods-Bridging-Header.h */ = {isa = PBXFileReference; lastKnownFileType = sourcecode.c.h; path = "Neighbourhoods-Bridging-Header.h"; sourceTree = "<group>"; };
		D3BEA89C1FA39E3000E4595E /* MyMissionsViewController.swift */ = {isa = PBXFileReference; lastKnownFileType = sourcecode.swift; path = MyMissionsViewController.swift; sourceTree = "<group>"; };
		D3C1D6CA1FA6D7E100207E38 /* AnnouncementViewController.swift */ = {isa = PBXFileReference; lastKnownFileType = sourcecode.swift; path = AnnouncementViewController.swift; sourceTree = "<group>"; };
		D3D1FD731FA80B8F009A2E58 /* SocialAnnouncementTableViewCell.swift */ = {isa = PBXFileReference; lastKnownFileType = sourcecode.swift; path = SocialAnnouncementTableViewCell.swift; sourceTree = "<group>"; };
		D3D1FD771FA80BA9009A2E58 /* LotteryTableViewCell.swift */ = {isa = PBXFileReference; lastKnownFileType = sourcecode.swift; path = LotteryTableViewCell.swift; sourceTree = "<group>"; };
		D3D1FD7B1FA80BB7009A2E58 /* ActivityVoteTableViewCell.swift */ = {isa = PBXFileReference; lastKnownFileType = sourcecode.swift; path = ActivityVoteTableViewCell.swift; sourceTree = "<group>"; };
		D3D1FD7F1FA8116D009A2E58 /* SocialAnnouncementViewController.swift */ = {isa = PBXFileReference; lastKnownFileType = sourcecode.swift; path = SocialAnnouncementViewController.swift; sourceTree = "<group>"; };
		D3D1FD811FA81179009A2E58 /* LotteryViewController.swift */ = {isa = PBXFileReference; lastKnownFileType = sourcecode.swift; path = LotteryViewController.swift; sourceTree = "<group>"; };
		D3D1FD831FA81187009A2E58 /* VoteViewController.swift */ = {isa = PBXFileReference; lastKnownFileType = sourcecode.swift; path = VoteViewController.swift; sourceTree = "<group>"; };
		D3D2D7861FAB0FBA0020EE4B /* ShareSDK-Extension.swift */ = {isa = PBXFileReference; lastKnownFileType = sourcecode.swift; path = "ShareSDK-Extension.swift"; sourceTree = "<group>"; };
		D3E5F0701FA9C28600FA9C53 /* WriteCommentViewController.swift */ = {isa = PBXFileReference; lastKnownFileType = sourcecode.swift; path = WriteCommentViewController.swift; sourceTree = "<group>"; };
		D3E5F0721FA9E32500FA9C53 /* ForgetPasswordViewController.swift */ = {isa = PBXFileReference; lastKnownFileType = sourcecode.swift; path = ForgetPasswordViewController.swift; sourceTree = "<group>"; };
		D3EEB35B1F9F69C400406555 /* MyFavouriteViewController.swift */ = {isa = PBXFileReference; lastKnownFileType = sourcecode.swift; path = MyFavouriteViewController.swift; sourceTree = "<group>"; };
		D3F6B1841F9A10A0004D0A20 /* HelpViewController.swift */ = {isa = PBXFileReference; lastKnownFileType = sourcecode.swift; path = HelpViewController.swift; sourceTree = "<group>"; };
		D3F6B1881F9A1359004D0A20 /* Extension+Colors.swift */ = {isa = PBXFileReference; lastKnownFileType = sourcecode.swift; path = "Extension+Colors.swift"; sourceTree = "<group>"; };
		D3FAC7D41FA9648500D972B9 /* IssueTopicsViewController.swift */ = {isa = PBXFileReference; lastKnownFileType = sourcecode.swift; path = IssueTopicsViewController.swift; sourceTree = "<group>"; };
		D3FAC7D51FA9648500D972B9 /* IssueTopicsViewController.xib */ = {isa = PBXFileReference; lastKnownFileType = file.xib; path = IssueTopicsViewController.xib; sourceTree = "<group>"; };
		D3FAC7D81FA9691200D972B9 /* IssueMissionViewController.swift */ = {isa = PBXFileReference; lastKnownFileType = sourcecode.swift; path = IssueMissionViewController.swift; sourceTree = "<group>"; };
		D3FAC7D91FA9691200D972B9 /* IssueMissionViewController.xib */ = {isa = PBXFileReference; lastKnownFileType = file.xib; path = IssueMissionViewController.xib; sourceTree = "<group>"; };
		D3FAC7DC1FA96A2A00D972B9 /* QuickViewMessgaesViewController.swift */ = {isa = PBXFileReference; lastKnownFileType = sourcecode.swift; path = QuickViewMessgaesViewController.swift; sourceTree = "<group>"; };
		D3FAC7E01FA96AD400D972B9 /* QuickViewMessgaes.storyboard */ = {isa = PBXFileReference; lastKnownFileType = file.storyboard; path = QuickViewMessgaes.storyboard; sourceTree = "<group>"; };
		D3FAC7E21FA974DB00D972B9 /* QuickMessageListTableViewCell.swift */ = {isa = PBXFileReference; lastKnownFileType = sourcecode.swift; path = QuickMessageListTableViewCell.swift; sourceTree = "<group>"; };
		D3FAC7E71FA97E9E00D972B9 /* ActivityVoteConsultingViewController.swift */ = {isa = PBXFileReference; lastKnownFileType = sourcecode.swift; path = ActivityVoteConsultingViewController.swift; sourceTree = "<group>"; };
		D3FAC7EB1FA97ECD00D972B9 /* ActivityUnderVotingViewController.swift */ = {isa = PBXFileReference; lastKnownFileType = sourcecode.swift; path = ActivityUnderVotingViewController.swift; sourceTree = "<group>"; };
		D3FAC7F31FA99B7200D972B9 /* FigureVoteDetialViewController.swift */ = {isa = PBXFileReference; lastKnownFileType = sourcecode.swift; path = FigureVoteDetialViewController.swift; sourceTree = "<group>"; };
		D3FAC7F51FA99B8A00D972B9 /* FigureVoteJoinViewController.swift */ = {isa = PBXFileReference; lastKnownFileType = sourcecode.swift; path = FigureVoteJoinViewController.swift; sourceTree = "<group>"; };
		D3FE2FFD1FA45B0100FAD95E /* SocialCharityDetialViewController.swift */ = {isa = PBXFileReference; lastKnownFileType = sourcecode.swift; path = SocialCharityDetialViewController.swift; sourceTree = "<group>"; };
		D3FE2FFF1FA45B2100FAD95E /* ConsultViewController.swift */ = {isa = PBXFileReference; lastKnownFileType = sourcecode.swift; path = ConsultViewController.swift; sourceTree = "<group>"; };
/* End PBXFileReference section */

/* Begin PBXFrameworksBuildPhase section */
		D3A193521F8DC74D002C1E23 /* Frameworks */ = {
			isa = PBXFrameworksBuildPhase;
			buildActionMask = 2147483647;
			files = (
				B692F89B1F91F17E00C75B41 /* SDWebImage.framework in Frameworks */,
				B6DD94061FAF0B9E00A416E1 /* AZDialogViewController.framework in Frameworks */,
				B6DD94081FAF0BA600A416E1 /* NoticeBar.framework in Frameworks */,
				B692F89C1F91F17E00C75B41 /* AFNetworking.framework in Frameworks */,
				91738E5369CA97748E1652E9 /* Pods_Neighbourhoods.framework in Frameworks */,
			);
			runOnlyForDeploymentPostprocessing = 0;
		};
/* End PBXFrameworksBuildPhase section */

/* Begin PBXGroup section */
		878D2B78233DA664D60F8E29 /* Pods */ = {
			isa = PBXGroup;
			children = (
				56A90F244786FDA4494474D0 /* Pods-Neighbourhoods.debug.xcconfig */,
				CF6C6FCE95D274E0C52054A6 /* Pods-Neighbourhoods.release.xcconfig */,
			);
			name = Pods;
			sourceTree = "<group>";
		};
		B681C9DA1FA9ECA8008006D6 /* Tool */ = {
			isa = PBXGroup;
			children = (
				B681C9DB1FA9ED06008006D6 /* LXQHeader.swift */,
			);
			path = Tool;
			sourceTree = "<group>";
		};
		B692F8981F91F17D00C75B41 /* Frameworks */ = {
			isa = PBXGroup;
			children = (
				B6DD94071FAF0BA600A416E1 /* NoticeBar.framework */,
				B6DD94051FAF0B9E00A416E1 /* AZDialogViewController.framework */,
				B692F89A1F91F17E00C75B41 /* AFNetworking.framework */,
				B692F8991F91F17E00C75B41 /* SDWebImage.framework */,
				0C24ABCE591C5A1B847A1370 /* Pods_Neighbourhoods.framework */,
			);
			name = Frameworks;
			sourceTree = "<group>";
		};
		B6ECB7181FA858A0006C2BCC /* Model */ = {
			isa = PBXGroup;
			children = (
				B6F71F381FA9647300BB8B90 /* NewsRotationModel.swift */,
				B6ECB71C1FA858FE006C2BCC /* NborCircleModel.swift */,
				B6ECB71E1FA85E7E006C2BCC /* UserModel.swift */,
				B646FDD21FB18D4C00990357 /* NborTopicModel.swift */,
			);
			path = Model;
			sourceTree = "<group>";
		};
		D30ED0F71FAB0324007A5858 /* Public */ = {
			isa = PBXGroup;
			children = (
				D30ED0F81FAB0333007A5858 /* View */,
			);
			path = Public;
			sourceTree = "<group>";
		};
		D30ED0F81FAB0333007A5858 /* View */ = {
			isa = PBXGroup;
			children = (
			);
			path = View;
			sourceTree = "<group>";
		};
		D31B360E1F9C766800313268 /* Static */ = {
			isa = PBXGroup;
			children = (
				D31B360F1F9C768A00313268 /* SystemConstantValue.swift */,
			);
			path = Static;
			sourceTree = "<group>";
		};
		D31B54B21FB1E48D003549AF /* Model */ = {
			isa = PBXGroup;
			children = (
				D360A6B21FB1E85500BC3ABC /* ActListModel.swift */,
			);
			path = Model;
			sourceTree = "<group>";
		};
		D31CD4A61F91DA5300195686 /* Controller */ = {
			isa = PBXGroup;
			children = (
				D341AAA41F9AEE3F00E640E1 /* LoginViewController.swift */,
				D341AAA61F9AEE4D00E640E1 /* RegisterViewController.swift */,
				D3E5F0721FA9E32500FA9C53 /* ForgetPasswordViewController.swift */,
				D31E971A1FA9FEB100A78D3A /* ProfileTableViewController.swift */,
				D3BEA88B1FA3901200E4595E /* MyFollowingsViewController.swift */,
				D3BEA88D1FA3903100E4595E /* MyFollowersViewController.swift */,
				D359931B1F9C9B8C00F96103 /* MyScoreViewController.swift */,
				D30ED0F31FAAF6FC007A5858 /* SettingsViewController.swift */,
				D39EFF321FAAC28400C6AE57 /* CircleMomentsViewController.swift */,
				D31E97161FA9F9CE00A78D3A /* SelfInfomationTableViewController.swift */,
				D31E970C1FA9F88200A78D3A /* ChangePasswordViewController.swift */,
				D30ED0F51FAAF832007A5858 /* SelectDistrictTableViewController.swift */,
				D3A54D281FAC0BFD0066C486 /* ChangeNickNameViewController.swift */,
				D31E970E1FA9F8CD00A78D3A /* IdentificationVerifiedInfomationViewController.swift */,
				D31E97101FA9F8EC00A78D3A /* UploadIDInfomationViewController.swift */,
				D31E97181FA9FBFB00A78D3A /* NotVerifiedIDInfomationViewController.swift */,
				D31E971C1FAA02A400A78D3A /* AccessDeniedNotVerifiedIDInfomationViewController.swift */,
				D31E97121FA9F91900A78D3A /* VerifyIDInfomationFailedViewController.swift */,
				D31E97141FA9F95700A78D3A /* VerifyIDInfomationSucceededViewController.swift */,
				D39F63351FAACDAE00C69CA9 /* Others */,
			);
			path = Controller;
			sourceTree = "<group>";
		};
		D31CD4A71F91DA9100195686 /* View */ = {
			isa = PBXGroup;
			children = (
				D37974A21FAAC70E006EA0EE /* Cell */,
				D39F9C6D1F9AE46800DD46F2 /* InitialLogin.storyboard */,
			);
			path = View;
			sourceTree = "<group>";
		};
		D334F5E21FA8674F006E2769 /* Cell */ = {
			isa = PBXGroup;
			children = (
				D334F5E31FA86788006E2769 /* CircleVCTopicsTableViewCell.swift */,
				D30A17D91FAF328E007820D3 /* MomentsLatestIssueTableViewCell.swift */,
				D30A17DB1FAF32B7007820D3 /* MomentsHotestTopicTableViewCell.swift */,
				D30A17DD1FAF32C4007820D3 /* MomentsTopicsClassificationTableViewCell.swift */,
				D30A17E51FAF339D007820D3 /* TopicDetialTableViewCell.swift */,
				D30A17E71FAF39FE007820D3 /* MomentsCommentDetialHeaderTableViewCell.swift */,
				D30A17E91FAF3A86007820D3 /* MomentsCommentDetialSpecificCommentTableViewCell.swift */,
				D30A17E11FAF3301007820D3 /* SecondaryCommentHeaderTableViewCell.swift */,
				D30A17E31FAF3318007820D3 /* SecondaryCommentDetialTableViewCell.swift */,
				D36C86B41FA09EF0000CCA17 /* UsersListTableViewCell.swift */,
				D36C86BC1FA0B279000CCA17 /* MomentDetialTableViewCell.swift */,
				D36C86C01FA0B28D000CCA17 /* MomentDetialsCommentTableViewCell.swift */,
			);
			path = Cell;
			sourceTree = "<group>";
		};
		D345ABF31FB1503500FAB15F /* Model */ = {
			isa = PBXGroup;
			children = (
				D345ABF41FB1505B00FAB15F /* TaskListModel.swift */,
				D31B54AC1FB1A1F3003549AF /* SocialOrgListModel.swift */,
				D31B54AE1FB1AF29003549AF /* SocialOrgDetModel.swift */,
				D31B54B01FB1D134003549AF /* MyMissionModel.swift */,
			);
			path = Model;
			sourceTree = "<group>";
		};
		D37974A21FAAC70E006EA0EE /* Cell */ = {
			isa = PBXGroup;
			children = (
				D37974A31FAAC72D006EA0EE /* CircleMomentsTableViewCell.swift */,
				D39F63331FAACD9C00C69CA9 /* OthersMomentsTableViewCell.swift */,
				D3524C5E1FB40994004240A5 /* ProfileFollowingTableViewCell.swift */,
			);
			path = Cell;
			sourceTree = "<group>";
		};
		D39F63351FAACDAE00C69CA9 /* Others */ = {
			isa = PBXGroup;
			children = (
				D39F63361FAACEDE00C69CA9 /* OthersMomentsViewController.swift */,
			);
			path = Others;
			sourceTree = "<group>";
		};
		D3A1934C1F8DC74D002C1E23 = {
			isa = PBXGroup;
			children = (
				D3A193571F8DC74D002C1E23 /* Neighbourhoods */,
				D3A193561F8DC74D002C1E23 /* Products */,
				B692F8981F91F17D00C75B41 /* Frameworks */,
				878D2B78233DA664D60F8E29 /* Pods */,
			);
			sourceTree = "<group>";
		};
		D3A193561F8DC74D002C1E23 /* Products */ = {
			isa = PBXGroup;
			children = (
				D3A193551F8DC74D002C1E23 /* Neighbourhoods.app */,
			);
			name = Products;
			sourceTree = "<group>";
		};
		D3A193571F8DC74D002C1E23 /* Neighbourhoods */ = {
			isa = PBXGroup;
			children = (
				D30ED0F71FAB0324007A5858 /* Public */,
				B681C9DA1FA9ECA8008006D6 /* Tool */,
				D31B360E1F9C766800313268 /* Static */,
				D3F6B1861F9A1325004D0A20 /* Extension */,
				D3A1936A1F8DC867002C1E23 /* Circle */,
				D3A1936E1F8DC87F002C1E23 /* Announcement */,
				D3A193821F8DCAA7002C1E23 /* Null */,
				D3A193721F8DC887002C1E23 /* Help */,
				D3A193761F8DC88E002C1E23 /* Profile */,
				D3FAC7D31FA9633A00D972B9 /* Miscellaneous */,
				D3A193581F8DC74D002C1E23 /* AppDelegate.swift */,
				B678E6491FA36899003F7638 /* NetWorkTool.swift */,
				D3A1935C1F8DC74D002C1E23 /* Main.storyboard */,
				D31B360C1F9C6D8300313268 /* MainViewController.swift */,
				D3A193611F8DC74D002C1E23 /* LaunchScreen.storyboard */,
				D3A193641F8DC74D002C1E23 /* Info.plist */,
				D3BEA8991FA3942500E4595E /* Neighbourhoods-Bridging-Header.h */,
				D30ED0ED1FAAEB1E007A5858 /* Assets.xcassets */,
			);
			path = Neighbourhoods;
			sourceTree = "<group>";
		};
		D3A1936A1F8DC867002C1E23 /* Circle */ = {
			isa = PBXGroup;
			children = (
				D3A1937E1F8DCA37002C1E23 /* Circle.storyboard */,
				B6ECB7181FA858A0006C2BCC /* Model */,
				D3A1936B1F8DC867002C1E23 /* Controller */,
				D3A1936D1F8DC867002C1E23 /* View */,
			);
			path = Circle;
			sourceTree = "<group>";
		};
		D3A1936B1F8DC867002C1E23 /* Controller */ = {
			isa = PBXGroup;
			children = (
				D36C86AE1F9F6F90000CCA17 /* FavUsersTableViewController.swift */,
				D31CD4A21F91B14700195686 /* CircleViewController.swift */,
				D3993BDE1F9B45C200AF62D9 /* MomentsViewController.swift */,
				D30A17CD1FAF2DA4007820D3 /* MomentsLatestIssueTableViewController.swift */,
				D30A17CF1FAF2DB4007820D3 /* MomentsHotestTopicTableViewController.swift */,
				D30A17D11FAF2DD9007820D3 /* MomentsTopicsClassificationTableViewController.swift */,
				D30A17D31FAF2E07007820D3 /* TopicDetialTableViewController.swift */,
				D30A17D71FAF2EAA007820D3 /* SecondaryCommentTableViewController.swift */,
				D3EEB35B1F9F69C400406555 /* MyFavouriteViewController.swift */,
				D32F81061FA2D01800FEBE4E /* MyIssueViewController.swift */,
				D36C86C41FA0B962000CCA17 /* MomentsCommentDetialViewController.swift */,
				D3E5F0701FA9C28600FA9C53 /* WriteCommentViewController.swift */,
			);
			path = Controller;
			sourceTree = "<group>";
		};
		D3A1936D1F8DC867002C1E23 /* View */ = {
			isa = PBXGroup;
			children = (
				D334F5E21FA8674F006E2769 /* Cell */,
				B692F8A01F91F1DF00C75B41 /* LoopView.swift */,
				D36C86B51FA09EF0000CCA17 /* UsersListTableViewCell.xib */,
			);
			path = View;
			sourceTree = "<group>";
		};
		D3A1936E1F8DC87F002C1E23 /* Announcement */ = {
			isa = PBXGroup;
			children = (
				D3A193801F8DCA4F002C1E23 /* Announcement.storyboard */,
				D345ABF11FB149A900FAB15F /* Network.swift */,
				D31B54B21FB1E48D003549AF /* Model */,
				D3C1D6C71FA6D7B100207E38 /* Controller */,
				D3D1FD721FA80ABC009A2E58 /* View */,
			);
			path = Announcement;
			sourceTree = "<group>";
		};
		D3A193721F8DC887002C1E23 /* Help */ = {
			isa = PBXGroup;
			children = (
				D3A193871F8DCB4C002C1E23 /* Help.storyboard */,
				D345ABF31FB1503500FAB15F /* Model */,
				D3F6B1831F9A1071004D0A20 /* Controller */,
				D3F6B18A1F9A1CFB004D0A20 /* View */,
			);
			path = Help;
			sourceTree = "<group>";
		};
		D3A193761F8DC88E002C1E23 /* Profile */ = {
			isa = PBXGroup;
			children = (
				D3A1938B1F8DCBAA002C1E23 /* Profile.storyboard */,
				D31CD4A61F91DA5300195686 /* Controller */,
				D31CD4A71F91DA9100195686 /* View */,
			);
			path = Profile;
			sourceTree = "<group>";
		};
		D3A193821F8DCAA7002C1E23 /* Null */ = {
			isa = PBXGroup;
			children = (
				D3A193851F8DCB2E002C1E23 /* Null.storyboard */,
			);
			path = Null;
			sourceTree = "<group>";
		};
		D3A54D421FAD567A0066C486 /* Cell */ = {
			isa = PBXGroup;
			children = (
				D3D1FD731FA80B8F009A2E58 /* SocialAnnouncementTableViewCell.swift */,
				D3D1FD771FA80BA9009A2E58 /* LotteryTableViewCell.swift */,
				D3D1FD7B1FA80BB7009A2E58 /* ActivityVoteTableViewCell.swift */,
				D334F5DE1FA86564006E2769 /* FigureVoteTableViewCell.swift */,
			);
			path = Cell;
			sourceTree = "<group>";
		};
		D3C1D6C71FA6D7B100207E38 /* Controller */ = {
			isa = PBXGroup;
			children = (
				D3C1D6CA1FA6D7E100207E38 /* AnnouncementViewController.swift */,
				D3D1FD7F1FA8116D009A2E58 /* SocialAnnouncementViewController.swift */,
				D3A54D471FAD643C0066C486 /* SocialAnnouncementDetialViewController.swift */,
				D3D1FD811FA81179009A2E58 /* LotteryViewController.swift */,
				D3D1FD831FA81187009A2E58 /* VoteViewController.swift */,
				D3A54D431FAD5A770066C486 /* LotteryDetialViewController.swift */,
				D3716F931FA89B0E00C31A48 /* FigureVoteListViewController.swift */,
				D3FAC7F31FA99B7200D972B9 /* FigureVoteDetialViewController.swift */,
				D3FAC7F51FA99B8A00D972B9 /* FigureVoteJoinViewController.swift */,
				D3FAC7E71FA97E9E00D972B9 /* ActivityVoteConsultingViewController.swift */,
				D3A54D451FAD622D0066C486 /* ActivityVoteCounsultantCompletedViewController.swift */,
				D3A54D4D1FAD9D990066C486 /* ActivityVoteEndedViewController.swift */,
				D3FAC7EB1FA97ECD00D972B9 /* ActivityUnderVotingViewController.swift */,
			);
			path = Controller;
			sourceTree = "<group>";
		};
		D3D1FD721FA80ABC009A2E58 /* View */ = {
			isa = PBXGroup;
			children = (
				D3A54D421FAD567A0066C486 /* Cell */,
				D3716F981FA89B4C00C31A48 /* FigureVoteListTableViewCell.swift */,
				D3A1C0171FA9B09D0048EE60 /* ActivityConsultingCommentTableViewCell.swift */,
			);
			path = View;
			sourceTree = "<group>";
		};
		D3F5BBFE1FAB17BB000A6CF5 /* Share */ = {
			isa = PBXGroup;
			children = (
				D36C86C81FA0C1A5000CCA17 /* Share.swift */,
				D36C86C61FA0C19A000CCA17 /* Share.xib */,
			);
			path = Share;
			sourceTree = "<group>";
		};
		D3F5BBFF1FAB17C7000A6CF5 /* Spring */ = {
			isa = PBXGroup;
			children = (
				D347E5A71FA20B6B00FFE815 /* SpringView.swift */,
				D347E5A51FA2091000FFE815 /* SpringView.xib */,
				D3FAC7D51FA9648500D972B9 /* IssueTopicsViewController.xib */,
				D3FAC7D91FA9691200D972B9 /* IssueMissionViewController.xib */,
				D3FAC7E01FA96AD400D972B9 /* QuickViewMessgaes.storyboard */,
			);
			path = Spring;
			sourceTree = "<group>";
		};
		D3F6B1831F9A1071004D0A20 /* Controller */ = {
			isa = PBXGroup;
			children = (
				D3F6B1841F9A10A0004D0A20 /* HelpViewController.swift */,
				D3A54D361FAC42080066C486 /* HelpCategoryByTimeViewController.swift */,
				D3A54D381FAC42430066C486 /* HelpCategoryByCompletionStatusViewController.swift */,
				D3A54D3A1FAC424D0066C486 /* HelpCategoryByScoreViewController.swift */,
				D3BEA89C1FA39E3000E4595E /* MyMissionsViewController.swift */,
				D3A54D2A1FAC3B980066C486 /* ReceivedMissionsViewController.swift */,
				D3A2F1CB1FA890490030873F /* MissionDetialViewController.swift */,
				D3B4FE461FA455060018FADD /* SocialCharityViewController.swift */,
				D3FE2FFD1FA45B0100FAD95E /* SocialCharityDetialViewController.swift */,
				D3FE2FFF1FA45B2100FAD95E /* ConsultViewController.swift */,
				D3B4FE481FA4551D0018FADD /* MessageAndMomentViewController.swift */,
			);
			path = Controller;
			sourceTree = "<group>";
		};
		D3F6B1861F9A1325004D0A20 /* Extension */ = {
			isa = PBXGroup;
			children = (
				B6ECB6F41FA804DE006C2BCC /* NSDate-Extension.swift */,
				D3D2D7861FAB0FBA0020EE4B /* ShareSDK-Extension.swift */,
				D3F6B1881F9A1359004D0A20 /* Extension+Colors.swift */,
				D341AAA91F9AF14100E640E1 /* Extension+UIViewController.swift */,
				B6098D3D1FA9A56E00FC0BAD /* Extension+String.swift */,
			);
			path = Extension;
			sourceTree = "<group>";
		};
		D3F6B18A1F9A1CFB004D0A20 /* View */ = {
			isa = PBXGroup;
			children = (
				D3A54D2E1FAC41320066C486 /* HelpCategoryByTimeTableViewCell.swift */,
				D3A54D301FAC41540066C486 /* HelpCategoryByCompletionStatusTableViewCell.swift */,
				D3A54D321FAC41670066C486 /* HelpCategoryByScoreTableViewCell.swift */,
				D31735841FA8923100C97B60 /* MyMissionsTableViewCell.swift */,
				D3A54D2C1FAC3C8E0066C486 /* ReceivedMissionsTableViewCell.swift */,
				D3716F8D1FA8949300C31A48 /* SocialCharityListTableViewCell.swift */,
			);
			path = View;
			sourceTree = "<group>";
		};
		D3FAC7D31FA9633A00D972B9 /* Miscellaneous */ = {
			isa = PBXGroup;
			children = (
				D36C86B81FA0ACFD000CCA17 /* CommentViewController.swift */,
				D36C86B91FA0ACFD000CCA17 /* CommentViewController.xib */,
				D3FAC7E51FA9755200D972B9 /* View */,
				D3FAC7E41FA9753300D972B9 /* Controller */,
			);
			path = Miscellaneous;
			sourceTree = "<group>";
		};
		D3FAC7E41FA9753300D972B9 /* Controller */ = {
			isa = PBXGroup;
			children = (
				D3FAC7D41FA9648500D972B9 /* IssueTopicsViewController.swift */,
				D3FAC7D81FA9691200D972B9 /* IssueMissionViewController.swift */,
				D3FAC7DC1FA96A2A00D972B9 /* QuickViewMessgaesViewController.swift */,
			);
			path = Controller;
			sourceTree = "<group>";
		};
		D3FAC7E51FA9755200D972B9 /* View */ = {
			isa = PBXGroup;
			children = (
				D3F5BBFF1FAB17C7000A6CF5 /* Spring */,
				D3F5BBFE1FAB17BB000A6CF5 /* Share */,
				D3FAC7E61FA9757300D972B9 /* Cell */,
			);
			path = View;
			sourceTree = "<group>";
		};
		D3FAC7E61FA9757300D972B9 /* Cell */ = {
			isa = PBXGroup;
			children = (
				D3FAC7E21FA974DB00D972B9 /* QuickMessageListTableViewCell.swift */,
			);
			path = Cell;
			sourceTree = "<group>";
		};
/* End PBXGroup section */

/* Begin PBXNativeTarget section */
		D3A193541F8DC74D002C1E23 /* Neighbourhoods */ = {
			isa = PBXNativeTarget;
			buildConfigurationList = D3A193671F8DC74D002C1E23 /* Build configuration list for PBXNativeTarget "Neighbourhoods" */;
			buildPhases = (
				CE59EEBE9D1B01AD7C3FE40B /* [CP] Check Pods Manifest.lock */,
				D3A193511F8DC74D002C1E23 /* Sources */,
				D3A193521F8DC74D002C1E23 /* Frameworks */,
				D3A193531F8DC74D002C1E23 /* Resources */,
				D369E0911F8DF57900FDB7E8 /* Embed Frameworks */,
				B692F89D1F91F19000C75B41 /* CopyFiles */,
				110D7019E2BC97238707F9DE /* [CP] Embed Pods Frameworks */,
				1DB30466C1F822018A82592D /* [CP] Copy Pods Resources */,
			);
			buildRules = (
			);
			dependencies = (
			);
			name = Neighbourhoods;
			productName = Neighbourhoods;
			productReference = D3A193551F8DC74D002C1E23 /* Neighbourhoods.app */;
			productType = "com.apple.product-type.application";
		};
/* End PBXNativeTarget section */

/* Begin PBXProject section */
		D3A1934D1F8DC74D002C1E23 /* Project object */ = {
			isa = PBXProject;
			attributes = {
				LastSwiftUpdateCheck = 0900;
				LastUpgradeCheck = 0900;
				ORGANIZATIONNAME = NJQL;
				TargetAttributes = {
					D3A193541F8DC74D002C1E23 = {
						CreatedOnToolsVersion = 9.0;
						LastSwiftMigration = 0900;
						ProvisioningStyle = Automatic;
					};
				};
			};
			buildConfigurationList = D3A193501F8DC74D002C1E23 /* Build configuration list for PBXProject "Neighbourhoods" */;
			compatibilityVersion = "Xcode 8.0";
			developmentRegion = en;
			hasScannedForEncodings = 0;
			knownRegions = (
				en,
				Base,
			);
			mainGroup = D3A1934C1F8DC74D002C1E23;
			productRefGroup = D3A193561F8DC74D002C1E23 /* Products */;
			projectDirPath = "";
			projectRoot = "";
			targets = (
				D3A193541F8DC74D002C1E23 /* Neighbourhoods */,
			);
		};
/* End PBXProject section */

/* Begin PBXResourcesBuildPhase section */
		D3A193531F8DC74D002C1E23 /* Resources */ = {
			isa = PBXResourcesBuildPhase;
			buildActionMask = 2147483647;
			files = (
				D3FAC7DB1FA9691200D972B9 /* IssueMissionViewController.xib in Resources */,
				D3A193631F8DC74D002C1E23 /* LaunchScreen.storyboard in Resources */,
				D36C86BB1FA0ACFD000CCA17 /* CommentViewController.xib in Resources */,
				D3FAC7E11FA96AD400D972B9 /* QuickViewMessgaes.storyboard in Resources */,
				D30ED0EE1FAAEB1E007A5858 /* Assets.xcassets in Resources */,
				D36C86C71FA0C19A000CCA17 /* Share.xib in Resources */,
				D3FAC7D71FA9648500D972B9 /* IssueTopicsViewController.xib in Resources */,
				D3A1938C1F8DCBAA002C1E23 /* Profile.storyboard in Resources */,
				D3A193811F8DCA4F002C1E23 /* Announcement.storyboard in Resources */,
				D36C86B71FA09EF0000CCA17 /* UsersListTableViewCell.xib in Resources */,
				D3A1937F1F8DCA37002C1E23 /* Circle.storyboard in Resources */,
				D3A193881F8DCB4C002C1E23 /* Help.storyboard in Resources */,
				D3A1935E1F8DC74D002C1E23 /* Main.storyboard in Resources */,
				D3A193861F8DCB2E002C1E23 /* Null.storyboard in Resources */,
				D347E5A61FA2091000FFE815 /* SpringView.xib in Resources */,
				D39F9C6E1F9AE46800DD46F2 /* InitialLogin.storyboard in Resources */,
			);
			runOnlyForDeploymentPostprocessing = 0;
		};
/* End PBXResourcesBuildPhase section */

/* Begin PBXShellScriptBuildPhase section */
		110D7019E2BC97238707F9DE /* [CP] Embed Pods Frameworks */ = {
			isa = PBXShellScriptBuildPhase;
			buildActionMask = 2147483647;
			files = (
			);
			inputPaths = (
				"${SRCROOT}/Pods/Target Support Files/Pods-Neighbourhoods/Pods-Neighbourhoods-frameworks.sh",
				"${BUILT_PRODUCTS_DIR}/MJExtension/MJExtension.framework",
				"${BUILT_PRODUCTS_DIR}/MJRefresh/MJRefresh.framework",
				"${PODS_ROOT}/Reveal-SDK/RevealServer-11/iOS/RevealServer.framework",
				"${BUILT_PRODUCTS_DIR}/TZImagePickerController/TZImagePickerController.framework",
			);
			name = "[CP] Embed Pods Frameworks";
			outputPaths = (
				"${TARGET_BUILD_DIR}/${FRAMEWORKS_FOLDER_PATH}/MJExtension.framework",
				"${TARGET_BUILD_DIR}/${FRAMEWORKS_FOLDER_PATH}/MJRefresh.framework",
				"${TARGET_BUILD_DIR}/${FRAMEWORKS_FOLDER_PATH}/RevealServer.framework",
				"${TARGET_BUILD_DIR}/${FRAMEWORKS_FOLDER_PATH}/TZImagePickerController.framework",
			);
			runOnlyForDeploymentPostprocessing = 0;
			shellPath = /bin/sh;
			shellScript = "\"${SRCROOT}/Pods/Target Support Files/Pods-Neighbourhoods/Pods-Neighbourhoods-frameworks.sh\"\n";
			showEnvVarsInLog = 0;
		};
		1DB30466C1F822018A82592D /* [CP] Copy Pods Resources */ = {
			isa = PBXShellScriptBuildPhase;
			buildActionMask = 2147483647;
			files = (
			);
			inputPaths = (
				"${SRCROOT}/Pods/Target Support Files/Pods-Neighbourhoods/Pods-Neighbourhoods-resources.sh",
				"${PODS_ROOT}/ShareSDK3/SDK/ShareSDK/Support/Required/ShareSDK.bundle",
				"${PODS_ROOT}/ShareSDK3/SDK/ShareSDK/Support/PlatformSDK/QQSDK/TencentOpenApi_IOS_Bundle.bundle",
				"${PODS_ROOT}/ShareSDK3/SDK/ShareSDK/Support/PlatformSDK/SinaWeiboSDK/WeiboSDK.bundle",
				"${PODS_ROOT}/ShareSDK3/SDK/ShareSDK/Support/Optional/ShareSDKUI.bundle",
			);
			name = "[CP] Copy Pods Resources";
			outputPaths = (
				"${TARGET_BUILD_DIR}/${UNLOCALIZED_RESOURCES_FOLDER_PATH}",
			);
			runOnlyForDeploymentPostprocessing = 0;
			shellPath = /bin/sh;
			shellScript = "\"${SRCROOT}/Pods/Target Support Files/Pods-Neighbourhoods/Pods-Neighbourhoods-resources.sh\"\n";
			showEnvVarsInLog = 0;
		};
		CE59EEBE9D1B01AD7C3FE40B /* [CP] Check Pods Manifest.lock */ = {
			isa = PBXShellScriptBuildPhase;
			buildActionMask = 2147483647;
			files = (
			);
			inputPaths = (
				"${PODS_PODFILE_DIR_PATH}/Podfile.lock",
				"${PODS_ROOT}/Manifest.lock",
			);
			name = "[CP] Check Pods Manifest.lock";
			outputPaths = (
				"$(DERIVED_FILE_DIR)/Pods-Neighbourhoods-checkManifestLockResult.txt",
			);
			runOnlyForDeploymentPostprocessing = 0;
			shellPath = /bin/sh;
			shellScript = "diff \"${PODS_PODFILE_DIR_PATH}/Podfile.lock\" \"${PODS_ROOT}/Manifest.lock\" > /dev/null\nif [ $? != 0 ] ; then\n    # print error to STDERR\n    echo \"error: The sandbox is not in sync with the Podfile.lock. Run 'pod install' or update your CocoaPods installation.\" >&2\n    exit 1\nfi\n# This output is used by Xcode 'outputs' to avoid re-running this script phase.\necho \"SUCCESS\" > \"${SCRIPT_OUTPUT_FILE_0}\"\n";
			showEnvVarsInLog = 0;
		};
/* End PBXShellScriptBuildPhase section */

/* Begin PBXSourcesBuildPhase section */
		D3A193511F8DC74D002C1E23 /* Sources */ = {
			isa = PBXSourcesBuildPhase;
			buildActionMask = 2147483647;
			files = (
				D3FAC7F61FA99B8A00D972B9 /* FigureVoteJoinViewController.swift in Sources */,
				D31E97131FA9F91900A78D3A /* VerifyIDInfomationFailedViewController.swift in Sources */,
				D36C86C91FA0C1A5000CCA17 /* Share.swift in Sources */,
				D3FAC7DA1FA9691200D972B9 /* IssueMissionViewController.swift in Sources */,
				D31E97171FA9F9CE00A78D3A /* SelfInfomationTableViewController.swift in Sources */,
				D341AAA71F9AEE4D00E640E1 /* RegisterViewController.swift in Sources */,
				D31E971D1FAA02A400A78D3A /* AccessDeniedNotVerifiedIDInfomationViewController.swift in Sources */,
				D3A54D331FAC41670066C486 /* HelpCategoryByScoreTableViewCell.swift in Sources */,
				D3A54D291FAC0BFD0066C486 /* ChangeNickNameViewController.swift in Sources */,
				D3716F941FA89B0E00C31A48 /* FigureVoteListViewController.swift in Sources */,
				D3A54D4E1FAD9D990066C486 /* ActivityVoteEndedViewController.swift in Sources */,
				D31E970F1FA9F8CD00A78D3A /* IdentificationVerifiedInfomationViewController.swift in Sources */,
				B6ECB71D1FA858FE006C2BCC /* NborCircleModel.swift in Sources */,
				D359931C1F9C9B8C00F96103 /* MyScoreViewController.swift in Sources */,
				D341AAAA1F9AF14100E640E1 /* Extension+UIViewController.swift in Sources */,
				B6ECB71F1FA85E7E006C2BCC /* UserModel.swift in Sources */,
				D3B4FE491FA4551D0018FADD /* MessageAndMomentViewController.swift in Sources */,
				D30ED0F61FAAF832007A5858 /* SelectDistrictTableViewController.swift in Sources */,
				D3A54D2F1FAC41320066C486 /* HelpCategoryByTimeTableViewCell.swift in Sources */,
				D3A1C0181FA9B09D0048EE60 /* ActivityConsultingCommentTableViewCell.swift in Sources */,
				D3EEB35C1F9F69C400406555 /* MyFavouriteViewController.swift in Sources */,
				B6098D3E1FA9A56E00FC0BAD /* Extension+String.swift in Sources */,
				D360A6B31FB1E85500BC3ABC /* ActListModel.swift in Sources */,
				D3A54D441FAD5A770066C486 /* LotteryDetialViewController.swift in Sources */,
				D31B360D1F9C6D8300313268 /* MainViewController.swift in Sources */,
				D30A17DE1FAF32C4007820D3 /* MomentsTopicsClassificationTableViewCell.swift in Sources */,
				D3D1FD801FA8116D009A2E58 /* SocialAnnouncementViewController.swift in Sources */,
				D3716F991FA89B4C00C31A48 /* FigureVoteListTableViewCell.swift in Sources */,
				D3FAC7E31FA974DB00D972B9 /* QuickMessageListTableViewCell.swift in Sources */,
				D32F81071FA2D01800FEBE4E /* MyIssueViewController.swift in Sources */,
				B6ECB6F51FA804DE006C2BCC /* NSDate-Extension.swift in Sources */,
				D30A17EA1FAF3A86007820D3 /* MomentsCommentDetialSpecificCommentTableViewCell.swift in Sources */,
				D3C1D6CB1FA6D7E100207E38 /* AnnouncementViewController.swift in Sources */,
				D30A17D01FAF2DB4007820D3 /* MomentsHotestTopicTableViewController.swift in Sources */,
				D30A17E61FAF339D007820D3 /* TopicDetialTableViewCell.swift in Sources */,
				D3E5F0731FA9E32500FA9C53 /* ForgetPasswordViewController.swift in Sources */,
				D36C86AF1F9F6F90000CCA17 /* FavUsersTableViewController.swift in Sources */,
				D3D1FD7D1FA80BB7009A2E58 /* ActivityVoteTableViewCell.swift in Sources */,
				D30A17E21FAF3301007820D3 /* SecondaryCommentHeaderTableViewCell.swift in Sources */,
				D30A17CE1FAF2DA4007820D3 /* MomentsLatestIssueTableViewController.swift in Sources */,
				D3B4FE471FA455060018FADD /* SocialCharityViewController.swift in Sources */,
				D31735851FA8923100C97B60 /* MyMissionsTableViewCell.swift in Sources */,
				B681C9DC1FA9ED06008006D6 /* LXQHeader.swift in Sources */,
				D36C86C51FA0B962000CCA17 /* MomentsCommentDetialViewController.swift in Sources */,
				D3FAC7DE1FA96A2A00D972B9 /* QuickViewMessgaesViewController.swift in Sources */,
				D30A17D21FAF2DD9007820D3 /* MomentsTopicsClassificationTableViewController.swift in Sources */,
				D3D1FD821FA81179009A2E58 /* LotteryViewController.swift in Sources */,
				D345ABF51FB1505B00FAB15F /* TaskListModel.swift in Sources */,
				B678E64A1FA3689A003F7638 /* NetWorkTool.swift in Sources */,
				D3FAC7F41FA99B7200D972B9 /* FigureVoteDetialViewController.swift in Sources */,
				D30A17E81FAF39FE007820D3 /* MomentsCommentDetialHeaderTableViewCell.swift in Sources */,
				D37974A41FAAC72D006EA0EE /* CircleMomentsTableViewCell.swift in Sources */,
				D31B36101F9C768A00313268 /* SystemConstantValue.swift in Sources */,
				D3F6B1891F9A1359004D0A20 /* Extension+Colors.swift in Sources */,
				D36C86C21FA0B28D000CCA17 /* MomentDetialsCommentTableViewCell.swift in Sources */,
				D3716F8E1FA8949300C31A48 /* SocialCharityListTableViewCell.swift in Sources */,
				D3A54D2D1FAC3C8E0066C486 /* ReceivedMissionsTableViewCell.swift in Sources */,
				D3A54D481FAD643C0066C486 /* SocialAnnouncementDetialViewController.swift in Sources */,
				D3A54D371FAC42080066C486 /* HelpCategoryByTimeViewController.swift in Sources */,
				D31E97191FA9FBFB00A78D3A /* NotVerifiedIDInfomationViewController.swift in Sources */,
				D3FE2FFE1FA45B0100FAD95E /* SocialCharityDetialViewController.swift in Sources */,
				D31CD4A31F91B14700195686 /* CircleViewController.swift in Sources */,
				D3FAC7D61FA9648500D972B9 /* IssueTopicsViewController.swift in Sources */,
				D36C86BE1FA0B279000CCA17 /* MomentDetialTableViewCell.swift in Sources */,
				D39F63341FAACD9D00C69CA9 /* OthersMomentsTableViewCell.swift in Sources */,
				B646FDD31FB18D4C00990357 /* NborTopicModel.swift in Sources */,
				D3BEA89D1FA39E3000E4595E /* MyMissionsViewController.swift in Sources */,
				D36C86B61FA09EF0000CCA17 /* UsersListTableViewCell.swift in Sources */,
				D334F5E01FA86564006E2769 /* FigureVoteTableViewCell.swift in Sources */,
				D31E97151FA9F95700A78D3A /* VerifyIDInfomationSucceededViewController.swift in Sources */,
				D347E5A81FA20B6B00FFE815 /* SpringView.swift in Sources */,
				D3D2D7871FAB0FBA0020EE4B /* ShareSDK-Extension.swift in Sources */,
				D341AAA51F9AEE3F00E640E1 /* LoginViewController.swift in Sources */,
				D334F5E41FA86788006E2769 /* CircleVCTopicsTableViewCell.swift in Sources */,
				D3E5F0711FA9C28600FA9C53 /* WriteCommentViewController.swift in Sources */,
				D31B54AF1FB1AF29003549AF /* SocialOrgDetModel.swift in Sources */,
				D31E971B1FA9FEB100A78D3A /* ProfileTableViewController.swift in Sources */,
				B692F8A11F91F1DF00C75B41 /* LoopView.swift in Sources */,
				D3524C5F1FB40994004240A5 /* ProfileFollowingTableViewCell.swift in Sources */,
				D30A17D81FAF2EAA007820D3 /* SecondaryCommentTableViewController.swift in Sources */,
				D3A54D3B1FAC424D0066C486 /* HelpCategoryByScoreViewController.swift in Sources */,
				D3A54D461FAD622D0066C486 /* ActivityVoteCounsultantCompletedViewController.swift in Sources */,
				D3A193591F8DC74D002C1E23 /* AppDelegate.swift in Sources */,
				D3D1FD751FA80B8F009A2E58 /* SocialAnnouncementTableViewCell.swift in Sources */,
				D3BEA88C1FA3901200E4595E /* MyFollowingsViewController.swift in Sources */,
				D3993BDF1F9B45C200AF62D9 /* MomentsViewController.swift in Sources */,
				D3FAC7ED1FA97ECD00D972B9 /* ActivityUnderVotingViewController.swift in Sources */,
				D345ABF21FB149A900FAB15F /* Network.swift in Sources */,
				D30ED0F41FAAF6FC007A5858 /* SettingsViewController.swift in Sources */,
				D3A54D391FAC42430066C486 /* HelpCategoryByCompletionStatusViewController.swift in Sources */,
				D3F6B1851F9A10A0004D0A20 /* HelpViewController.swift in Sources */,
				D3D1FD791FA80BA9009A2E58 /* LotteryTableViewCell.swift in Sources */,
				D30A17E41FAF3318007820D3 /* SecondaryCommentDetialTableViewCell.swift in Sources */,
				D31E970D1FA9F88200A78D3A /* ChangePasswordViewController.swift in Sources */,
				D3A54D2B1FAC3B980066C486 /* ReceivedMissionsViewController.swift in Sources */,
				D31E97111FA9F8EC00A78D3A /* UploadIDInfomationViewController.swift in Sources */,
				D3FE30001FA45B2100FAD95E /* ConsultViewController.swift in Sources */,
				D36C86BA1FA0ACFD000CCA17 /* CommentViewController.swift in Sources */,
				D30A17D41FAF2E07007820D3 /* TopicDetialTableViewController.swift in Sources */,
				D30A17DA1FAF328E007820D3 /* MomentsLatestIssueTableViewCell.swift in Sources */,
				D31B54AD1FB1A1F3003549AF /* SocialOrgListModel.swift in Sources */,
				D3FAC7E91FA97E9E00D972B9 /* ActivityVoteConsultingViewController.swift in Sources */,
				D39F63371FAACEDE00C69CA9 /* OthersMomentsViewController.swift in Sources */,
				D39EFF331FAAC28400C6AE57 /* CircleMomentsViewController.swift in Sources */,
				D3A2F1CC1FA890490030873F /* MissionDetialViewController.swift in Sources */,
				D3A54D311FAC41540066C486 /* HelpCategoryByCompletionStatusTableViewCell.swift in Sources */,
				D3D1FD841FA81187009A2E58 /* VoteViewController.swift in Sources */,
				D30A17DC1FAF32B7007820D3 /* MomentsHotestTopicTableViewCell.swift in Sources */,
				D3BEA88E1FA3903100E4595E /* MyFollowersViewController.swift in Sources */,
				D31B54B11FB1D134003549AF /* MyMissionModel.swift in Sources */,
			);
			runOnlyForDeploymentPostprocessing = 0;
		};
/* End PBXSourcesBuildPhase section */

/* Begin PBXVariantGroup section */
		D3A1935C1F8DC74D002C1E23 /* Main.storyboard */ = {
			isa = PBXVariantGroup;
			children = (
				D3A1935D1F8DC74D002C1E23 /* Base */,
			);
			name = Main.storyboard;
			sourceTree = "<group>";
		};
		D3A193611F8DC74D002C1E23 /* LaunchScreen.storyboard */ = {
			isa = PBXVariantGroup;
			children = (
				D3A193621F8DC74D002C1E23 /* Base */,
			);
			name = LaunchScreen.storyboard;
			sourceTree = "<group>";
		};
/* End PBXVariantGroup section */

/* Begin XCBuildConfiguration section */
		D3A193651F8DC74D002C1E23 /* Debug */ = {
			isa = XCBuildConfiguration;
			buildSettings = {
				ALWAYS_SEARCH_USER_PATHS = NO;
				CLANG_ANALYZER_NONNULL = YES;
				CLANG_ANALYZER_NUMBER_OBJECT_CONVERSION = YES_AGGRESSIVE;
				CLANG_CXX_LANGUAGE_STANDARD = "gnu++14";
				CLANG_CXX_LIBRARY = "libc++";
				CLANG_ENABLE_MODULES = YES;
				CLANG_ENABLE_OBJC_ARC = YES;
				CLANG_WARN_BLOCK_CAPTURE_AUTORELEASING = YES;
				CLANG_WARN_BOOL_CONVERSION = YES;
				CLANG_WARN_COMMA = YES;
				CLANG_WARN_CONSTANT_CONVERSION = YES;
				CLANG_WARN_DIRECT_OBJC_ISA_USAGE = YES_ERROR;
				CLANG_WARN_DOCUMENTATION_COMMENTS = YES;
				CLANG_WARN_EMPTY_BODY = YES;
				CLANG_WARN_ENUM_CONVERSION = YES;
				CLANG_WARN_INFINITE_RECURSION = YES;
				CLANG_WARN_INT_CONVERSION = YES;
				CLANG_WARN_NON_LITERAL_NULL_CONVERSION = YES;
				CLANG_WARN_OBJC_LITERAL_CONVERSION = YES;
				CLANG_WARN_OBJC_ROOT_CLASS = YES_ERROR;
				CLANG_WARN_RANGE_LOOP_ANALYSIS = YES;
				CLANG_WARN_STRICT_PROTOTYPES = YES;
				CLANG_WARN_SUSPICIOUS_MOVE = YES;
				CLANG_WARN_UNGUARDED_AVAILABILITY = YES_AGGRESSIVE;
				CLANG_WARN_UNREACHABLE_CODE = YES;
				CLANG_WARN__DUPLICATE_METHOD_MATCH = YES;
				CODE_SIGN_IDENTITY = "iPhone Developer";
				COPY_PHASE_STRIP = NO;
				DEBUG_INFORMATION_FORMAT = dwarf;
				ENABLE_STRICT_OBJC_MSGSEND = YES;
				ENABLE_TESTABILITY = YES;
				GCC_C_LANGUAGE_STANDARD = gnu11;
				GCC_DYNAMIC_NO_PIC = NO;
				GCC_NO_COMMON_BLOCKS = YES;
				GCC_OPTIMIZATION_LEVEL = 0;
				GCC_PREPROCESSOR_DEFINITIONS = (
					"DEBUG=1",
					"$(inherited)",
				);
				GCC_WARN_64_TO_32_BIT_CONVERSION = YES;
				GCC_WARN_ABOUT_RETURN_TYPE = YES_ERROR;
				GCC_WARN_UNDECLARED_SELECTOR = YES;
				GCC_WARN_UNINITIALIZED_AUTOS = YES_AGGRESSIVE;
				GCC_WARN_UNUSED_FUNCTION = YES;
				GCC_WARN_UNUSED_VARIABLE = YES;
				IPHONEOS_DEPLOYMENT_TARGET = 11.0;
				MTL_ENABLE_DEBUG_INFO = YES;
				ONLY_ACTIVE_ARCH = YES;
				SDKROOT = iphoneos;
				SWIFT_ACTIVE_COMPILATION_CONDITIONS = DEBUG;
				SWIFT_OPTIMIZATION_LEVEL = "-Onone";
			};
			name = Debug;
		};
		D3A193661F8DC74D002C1E23 /* Release */ = {
			isa = XCBuildConfiguration;
			buildSettings = {
				ALWAYS_SEARCH_USER_PATHS = NO;
				CLANG_ANALYZER_NONNULL = YES;
				CLANG_ANALYZER_NUMBER_OBJECT_CONVERSION = YES_AGGRESSIVE;
				CLANG_CXX_LANGUAGE_STANDARD = "gnu++14";
				CLANG_CXX_LIBRARY = "libc++";
				CLANG_ENABLE_MODULES = YES;
				CLANG_ENABLE_OBJC_ARC = YES;
				CLANG_WARN_BLOCK_CAPTURE_AUTORELEASING = YES;
				CLANG_WARN_BOOL_CONVERSION = YES;
				CLANG_WARN_COMMA = YES;
				CLANG_WARN_CONSTANT_CONVERSION = YES;
				CLANG_WARN_DIRECT_OBJC_ISA_USAGE = YES_ERROR;
				CLANG_WARN_DOCUMENTATION_COMMENTS = YES;
				CLANG_WARN_EMPTY_BODY = YES;
				CLANG_WARN_ENUM_CONVERSION = YES;
				CLANG_WARN_INFINITE_RECURSION = YES;
				CLANG_WARN_INT_CONVERSION = YES;
				CLANG_WARN_NON_LITERAL_NULL_CONVERSION = YES;
				CLANG_WARN_OBJC_LITERAL_CONVERSION = YES;
				CLANG_WARN_OBJC_ROOT_CLASS = YES_ERROR;
				CLANG_WARN_RANGE_LOOP_ANALYSIS = YES;
				CLANG_WARN_STRICT_PROTOTYPES = YES;
				CLANG_WARN_SUSPICIOUS_MOVE = YES;
				CLANG_WARN_UNGUARDED_AVAILABILITY = YES_AGGRESSIVE;
				CLANG_WARN_UNREACHABLE_CODE = YES;
				CLANG_WARN__DUPLICATE_METHOD_MATCH = YES;
				CODE_SIGN_IDENTITY = "iPhone Developer";
				COPY_PHASE_STRIP = NO;
				DEBUG_INFORMATION_FORMAT = "dwarf-with-dsym";
				ENABLE_NS_ASSERTIONS = NO;
				ENABLE_STRICT_OBJC_MSGSEND = YES;
				GCC_C_LANGUAGE_STANDARD = gnu11;
				GCC_NO_COMMON_BLOCKS = YES;
				GCC_WARN_64_TO_32_BIT_CONVERSION = YES;
				GCC_WARN_ABOUT_RETURN_TYPE = YES_ERROR;
				GCC_WARN_UNDECLARED_SELECTOR = YES;
				GCC_WARN_UNINITIALIZED_AUTOS = YES_AGGRESSIVE;
				GCC_WARN_UNUSED_FUNCTION = YES;
				GCC_WARN_UNUSED_VARIABLE = YES;
				IPHONEOS_DEPLOYMENT_TARGET = 11.0;
				MTL_ENABLE_DEBUG_INFO = NO;
				SDKROOT = iphoneos;
				SWIFT_OPTIMIZATION_LEVEL = "-Owholemodule";
				VALIDATE_PRODUCT = YES;
			};
			name = Release;
		};
		D3A193681F8DC74D002C1E23 /* Debug */ = {
			isa = XCBuildConfiguration;
			baseConfigurationReference = 56A90F244786FDA4494474D0 /* Pods-Neighbourhoods.debug.xcconfig */;
			buildSettings = {
				CLANG_ENABLE_MODULES = YES;
				CODE_SIGN_STYLE = Automatic;
				DEVELOPMENT_TEAM = 4UXX38SJ8T;
				FRAMEWORK_SEARCH_PATHS = (
					"$(inherited)",
					"$(PROJECT_DIR)/Carthage/Build/iOS",
					"$(PROJECT_DIR)/Carthage/Checkouts/SMSSDK-for-iOS/MobProducts/SDK/Required",
					"$(PROJECT_DIR)/Carthage/Checkouts/SMSSDK-for-iOS/MobProducts/SDK/SMSSDK",
					"$(PROJECT_DIR)/Carthage/Checkouts/MOBFoundation_IDFA",
				);
				INFOPLIST_FILE = Neighbourhoods/Info.plist;
				IPHONEOS_DEPLOYMENT_TARGET = 9.0;
				LD_RUNPATH_SEARCH_PATHS = "$(inherited) @executable_path/Frameworks";
				PRODUCT_BUNDLE_IDENTIFIER = com.NJQL.Neighbourhoods.weslie;
				PRODUCT_NAME = "$(TARGET_NAME)";
				SWIFT_OBJC_BRIDGING_HEADER = "Neighbourhoods/Neighbourhoods-Bridging-Header.h";
				SWIFT_OPTIMIZATION_LEVEL = "-Onone";
				SWIFT_VERSION = 4.0;
				TARGETED_DEVICE_FAMILY = "1,2";
			};
			name = Debug;
		};
		D3A193691F8DC74D002C1E23 /* Release */ = {
			isa = XCBuildConfiguration;
			baseConfigurationReference = CF6C6FCE95D274E0C52054A6 /* Pods-Neighbourhoods.release.xcconfig */;
			buildSettings = {
				CLANG_ENABLE_MODULES = YES;
				CODE_SIGN_STYLE = Automatic;
				DEVELOPMENT_TEAM = 4UXX38SJ8T;
				FRAMEWORK_SEARCH_PATHS = (
					"$(inherited)",
					"$(PROJECT_DIR)/Carthage/Build/iOS",
					"$(PROJECT_DIR)/Carthage/Checkouts/SMSSDK-for-iOS/MobProducts/SDK/Required",
					"$(PROJECT_DIR)/Carthage/Checkouts/SMSSDK-for-iOS/MobProducts/SDK/SMSSDK",
					"$(PROJECT_DIR)/Carthage/Checkouts/MOBFoundation_IDFA",
				);
				INFOPLIST_FILE = Neighbourhoods/Info.plist;
				IPHONEOS_DEPLOYMENT_TARGET = 9.0;
				LD_RUNPATH_SEARCH_PATHS = "$(inherited) @executable_path/Frameworks";
				PRODUCT_BUNDLE_IDENTIFIER = com.NJQL.Neighbourhoods.weslie;
				PRODUCT_NAME = "$(TARGET_NAME)";
				SWIFT_OBJC_BRIDGING_HEADER = "Neighbourhoods/Neighbourhoods-Bridging-Header.h";
				SWIFT_VERSION = 4.0;
				TARGETED_DEVICE_FAMILY = "1,2";
			};
			name = Release;
		};
/* End XCBuildConfiguration section */

/* Begin XCConfigurationList section */
		D3A193501F8DC74D002C1E23 /* Build configuration list for PBXProject "Neighbourhoods" */ = {
			isa = XCConfigurationList;
			buildConfigurations = (
				D3A193651F8DC74D002C1E23 /* Debug */,
				D3A193661F8DC74D002C1E23 /* Release */,
			);
			defaultConfigurationIsVisible = 0;
			defaultConfigurationName = Release;
		};
		D3A193671F8DC74D002C1E23 /* Build configuration list for PBXNativeTarget "Neighbourhoods" */ = {
			isa = XCConfigurationList;
			buildConfigurations = (
				D3A193681F8DC74D002C1E23 /* Debug */,
				D3A193691F8DC74D002C1E23 /* Release */,
			);
			defaultConfigurationIsVisible = 0;
			defaultConfigurationName = Release;
		};
/* End XCConfigurationList section */
	};
	rootObject = D3A1934D1F8DC74D002C1E23 /* Project object */;
}
