// !$*UTF8*$!
{
	archiveVersion = 1;
	classes = {
	};
	objectVersion = 48;
	objects = {

/* Begin PBXBuildFile section */
		B678E64A1FA3689A003F7638 /* NetWorkTool.swift in Sources */ = {isa = PBXBuildFile; fileRef = B678E6491FA36899003F7638 /* NetWorkTool.swift */; };
		B692F89B1F91F17E00C75B41 /* SDWebImage.framework in Frameworks */ = {isa = PBXBuildFile; fileRef = B692F8991F91F17E00C75B41 /* SDWebImage.framework */; };
		B692F89C1F91F17E00C75B41 /* AFNetworking.framework in Frameworks */ = {isa = PBXBuildFile; fileRef = B692F89A1F91F17E00C75B41 /* AFNetworking.framework */; };
		B692F89E1F91F1A700C75B41 /* AFNetworking.framework in CopyFiles */ = {isa = PBXBuildFile; fileRef = B692F89A1F91F17E00C75B41 /* AFNetworking.framework */; settings = {ATTRIBUTES = (CodeSignOnCopy, RemoveHeadersOnCopy, ); }; };
		B692F89F1F91F1A700C75B41 /* SDWebImage.framework in CopyFiles */ = {isa = PBXBuildFile; fileRef = B692F8991F91F17E00C75B41 /* SDWebImage.framework */; settings = {ATTRIBUTES = (CodeSignOnCopy, RemoveHeadersOnCopy, ); }; };
		B692F8A11F91F1DF00C75B41 /* LoopView.swift in Sources */ = {isa = PBXBuildFile; fileRef = B692F8A01F91F1DF00C75B41 /* LoopView.swift */; };
		D31B360D1F9C6D8300313268 /* MainViewController.swift in Sources */ = {isa = PBXBuildFile; fileRef = D31B360C1F9C6D8300313268 /* MainViewController.swift */; };
		D31B36101F9C768A00313268 /* SystemConstantValue.swift in Sources */ = {isa = PBXBuildFile; fileRef = D31B360F1F9C768A00313268 /* SystemConstantValue.swift */; };
		D31B36121F9C8BDF00313268 /* SelfProfileViewController.swift in Sources */ = {isa = PBXBuildFile; fileRef = D31B36111F9C8BDF00313268 /* SelfProfileViewController.swift */; };
		D31CD4A31F91B14700195686 /* CircleViewController.swift in Sources */ = {isa = PBXBuildFile; fileRef = D31CD4A21F91B14700195686 /* CircleViewController.swift */; };
		D31CD4A51F91B3F000195686 /* CircleTopicsCell.swift in Sources */ = {isa = PBXBuildFile; fileRef = D31CD4A41F91B3F000195686 /* CircleTopicsCell.swift */; };
		D32F81071FA2D01800FEBE4E /* MyIssueViewController.swift in Sources */ = {isa = PBXBuildFile; fileRef = D32F81061FA2D01800FEBE4E /* MyIssueViewController.swift */; };
		D341AAA51F9AEE3F00E640E1 /* LoginViewController.swift in Sources */ = {isa = PBXBuildFile; fileRef = D341AAA41F9AEE3F00E640E1 /* LoginViewController.swift */; };
		D341AAA71F9AEE4D00E640E1 /* RegisterViewController.swift in Sources */ = {isa = PBXBuildFile; fileRef = D341AAA61F9AEE4D00E640E1 /* RegisterViewController.swift */; };
		D341AAAA1F9AF14100E640E1 /* Extension+UIView.swift in Sources */ = {isa = PBXBuildFile; fileRef = D341AAA91F9AF14100E640E1 /* Extension+UIView.swift */; };
		D347E5A61FA2091000FFE815 /* SpringView.xib in Resources */ = {isa = PBXBuildFile; fileRef = D347E5A51FA2091000FFE815 /* SpringView.xib */; };
		D347E5A81FA20B6B00FFE815 /* SpringView.swift in Sources */ = {isa = PBXBuildFile; fileRef = D347E5A71FA20B6B00FFE815 /* SpringView.swift */; };
		D359931C1F9C9B8C00F96103 /* MyScoreVC.swift in Sources */ = {isa = PBXBuildFile; fileRef = D359931B1F9C9B8C00F96103 /* MyScoreVC.swift */; };
		D36C86AF1F9F6F90000CCA17 /* FavUsersTableViewController.swift in Sources */ = {isa = PBXBuildFile; fileRef = D36C86AE1F9F6F90000CCA17 /* FavUsersTableViewController.swift */; };
		D36C86B61FA09EF0000CCA17 /* UsersListTableViewCell.swift in Sources */ = {isa = PBXBuildFile; fileRef = D36C86B41FA09EF0000CCA17 /* UsersListTableViewCell.swift */; };
		D36C86B71FA09EF0000CCA17 /* UsersListTableViewCell.xib in Resources */ = {isa = PBXBuildFile; fileRef = D36C86B51FA09EF0000CCA17 /* UsersListTableViewCell.xib */; };
		D36C86BA1FA0ACFD000CCA17 /* CommentViewController.swift in Sources */ = {isa = PBXBuildFile; fileRef = D36C86B81FA0ACFD000CCA17 /* CommentViewController.swift */; };
		D36C86BB1FA0ACFD000CCA17 /* CommentViewController.xib in Resources */ = {isa = PBXBuildFile; fileRef = D36C86B91FA0ACFD000CCA17 /* CommentViewController.xib */; };
		D36C86BE1FA0B279000CCA17 /* MomentDetialTableViewCell.swift in Sources */ = {isa = PBXBuildFile; fileRef = D36C86BC1FA0B279000CCA17 /* MomentDetialTableViewCell.swift */; };
		D36C86BF1FA0B279000CCA17 /* MomentDetialTableViewCell.xib in Resources */ = {isa = PBXBuildFile; fileRef = D36C86BD1FA0B279000CCA17 /* MomentDetialTableViewCell.xib */; };
		D36C86C21FA0B28D000CCA17 /* MomentDetialsCommentTableViewCell.swift in Sources */ = {isa = PBXBuildFile; fileRef = D36C86C01FA0B28D000CCA17 /* MomentDetialsCommentTableViewCell.swift */; };
		D36C86C31FA0B28D000CCA17 /* MomentDetialsCommentTableViewCell.xib in Resources */ = {isa = PBXBuildFile; fileRef = D36C86C11FA0B28D000CCA17 /* MomentDetialsCommentTableViewCell.xib */; };
		D36C86C51FA0B962000CCA17 /* MomentsCommentDetialViewController.swift in Sources */ = {isa = PBXBuildFile; fileRef = D36C86C41FA0B962000CCA17 /* MomentsCommentDetialViewController.swift */; };
		D36C86C71FA0C19A000CCA17 /* Share.xib in Resources */ = {isa = PBXBuildFile; fileRef = D36C86C61FA0C19A000CCA17 /* Share.xib */; };
		D36C86C91FA0C1A5000CCA17 /* Share.swift in Sources */ = {isa = PBXBuildFile; fileRef = D36C86C81FA0C1A5000CCA17 /* Share.swift */; };
		D3993BDF1F9B45C200AF62D9 /* MomentsViewController.swift in Sources */ = {isa = PBXBuildFile; fileRef = D3993BDE1F9B45C200AF62D9 /* MomentsViewController.swift */; };
		D39F9C6E1F9AE46800DD46F2 /* InitialLogin.storyboard in Resources */ = {isa = PBXBuildFile; fileRef = D39F9C6D1F9AE46800DD46F2 /* InitialLogin.storyboard */; };
		D3A193591F8DC74D002C1E23 /* AppDelegate.swift in Sources */ = {isa = PBXBuildFile; fileRef = D3A193581F8DC74D002C1E23 /* AppDelegate.swift */; };
		D3A1935E1F8DC74D002C1E23 /* Main.storyboard in Resources */ = {isa = PBXBuildFile; fileRef = D3A1935C1F8DC74D002C1E23 /* Main.storyboard */; };
		D3A193601F8DC74D002C1E23 /* Assets.xcassets in Resources */ = {isa = PBXBuildFile; fileRef = D3A1935F1F8DC74D002C1E23 /* Assets.xcassets */; };
		D3A193631F8DC74D002C1E23 /* LaunchScreen.storyboard in Resources */ = {isa = PBXBuildFile; fileRef = D3A193611F8DC74D002C1E23 /* LaunchScreen.storyboard */; };
		D3A1937F1F8DCA37002C1E23 /* Circle.storyboard in Resources */ = {isa = PBXBuildFile; fileRef = D3A1937E1F8DCA37002C1E23 /* Circle.storyboard */; };
		D3A193811F8DCA4F002C1E23 /* Announcement.storyboard in Resources */ = {isa = PBXBuildFile; fileRef = D3A193801F8DCA4F002C1E23 /* Announcement.storyboard */; };
		D3A193861F8DCB2E002C1E23 /* Null.storyboard in Resources */ = {isa = PBXBuildFile; fileRef = D3A193851F8DCB2E002C1E23 /* Null.storyboard */; };
		D3A193881F8DCB4C002C1E23 /* Help.storyboard in Resources */ = {isa = PBXBuildFile; fileRef = D3A193871F8DCB4C002C1E23 /* Help.storyboard */; };
		D3A1938C1F8DCBAA002C1E23 /* Profile.storyboard in Resources */ = {isa = PBXBuildFile; fileRef = D3A1938B1F8DCBAA002C1E23 /* Profile.storyboard */; };
		D3EEB35C1F9F69C400406555 /* MyFavouriteViewController.swift in Sources */ = {isa = PBXBuildFile; fileRef = D3EEB35B1F9F69C400406555 /* MyFavouriteViewController.swift */; };
		D3F6B1851F9A10A0004D0A20 /* HelpViewController.swift in Sources */ = {isa = PBXBuildFile; fileRef = D3F6B1841F9A10A0004D0A20 /* HelpViewController.swift */; };
		D3F6B1891F9A1359004D0A20 /* Extension+Colors.swift in Sources */ = {isa = PBXBuildFile; fileRef = D3F6B1881F9A1359004D0A20 /* Extension+Colors.swift */; };
		D3F6B18C1F9A1D53004D0A20 /* HelpMissionsCategoriesCell.swift in Sources */ = {isa = PBXBuildFile; fileRef = D3F6B18B1F9A1D53004D0A20 /* HelpMissionsCategoriesCell.swift */; };
/* End PBXBuildFile section */

/* Begin PBXCopyFilesBuildPhase section */
		B692F89D1F91F19000C75B41 /* CopyFiles */ = {
			isa = PBXCopyFilesBuildPhase;
			buildActionMask = 2147483647;
			dstPath = "";
			dstSubfolderSpec = 10;
			files = (
				B692F89E1F91F1A700C75B41 /* AFNetworking.framework in CopyFiles */,
				B692F89F1F91F1A700C75B41 /* SDWebImage.framework in CopyFiles */,
			);
			runOnlyForDeploymentPostprocessing = 0;
		};
		D369E0911F8DF57900FDB7E8 /* Embed Frameworks */ = {
			isa = PBXCopyFilesBuildPhase;
			buildActionMask = 2147483647;
			dstPath = "";
			dstSubfolderSpec = 10;
			files = (
			);
			name = "Embed Frameworks";
			runOnlyForDeploymentPostprocessing = 0;
		};
/* End PBXCopyFilesBuildPhase section */

/* Begin PBXFileReference section */
		B678E6491FA36899003F7638 /* NetWorkTool.swift */ = {isa = PBXFileReference; lastKnownFileType = sourcecode.swift; path = NetWorkTool.swift; sourceTree = "<group>"; };
		B692F8991F91F17E00C75B41 /* SDWebImage.framework */ = {isa = PBXFileReference; lastKnownFileType = wrapper.framework; name = SDWebImage.framework; path = Carthage/Build/iOS/SDWebImage.framework; sourceTree = "<group>"; };
		B692F89A1F91F17E00C75B41 /* AFNetworking.framework */ = {isa = PBXFileReference; lastKnownFileType = wrapper.framework; name = AFNetworking.framework; path = Carthage/Build/iOS/AFNetworking.framework; sourceTree = "<group>"; };
		B692F8A01F91F1DF00C75B41 /* LoopView.swift */ = {isa = PBXFileReference; lastKnownFileType = sourcecode.swift; path = LoopView.swift; sourceTree = "<group>"; };
		D31B360C1F9C6D8300313268 /* MainViewController.swift */ = {isa = PBXFileReference; lastKnownFileType = sourcecode.swift; path = MainViewController.swift; sourceTree = "<group>"; };
		D31B360F1F9C768A00313268 /* SystemConstantValue.swift */ = {isa = PBXFileReference; lastKnownFileType = sourcecode.swift; path = SystemConstantValue.swift; sourceTree = "<group>"; };
		D31B36111F9C8BDF00313268 /* SelfProfileViewController.swift */ = {isa = PBXFileReference; lastKnownFileType = sourcecode.swift; path = SelfProfileViewController.swift; sourceTree = "<group>"; };
		D31CD4A21F91B14700195686 /* CircleViewController.swift */ = {isa = PBXFileReference; lastKnownFileType = sourcecode.swift; path = CircleViewController.swift; sourceTree = "<group>"; };
		D31CD4A41F91B3F000195686 /* CircleTopicsCell.swift */ = {isa = PBXFileReference; lastKnownFileType = sourcecode.swift; path = CircleTopicsCell.swift; sourceTree = "<group>"; };
		D32F81061FA2D01800FEBE4E /* MyIssueViewController.swift */ = {isa = PBXFileReference; lastKnownFileType = sourcecode.swift; path = MyIssueViewController.swift; sourceTree = "<group>"; };
		D341AAA41F9AEE3F00E640E1 /* LoginViewController.swift */ = {isa = PBXFileReference; lastKnownFileType = sourcecode.swift; path = LoginViewController.swift; sourceTree = "<group>"; };
		D341AAA61F9AEE4D00E640E1 /* RegisterViewController.swift */ = {isa = PBXFileReference; lastKnownFileType = sourcecode.swift; path = RegisterViewController.swift; sourceTree = "<group>"; };
		D341AAA91F9AF14100E640E1 /* Extension+UIView.swift */ = {isa = PBXFileReference; lastKnownFileType = sourcecode.swift; path = "Extension+UIView.swift"; sourceTree = "<group>"; };
		D347E5A51FA2091000FFE815 /* SpringView.xib */ = {isa = PBXFileReference; lastKnownFileType = file.xib; path = SpringView.xib; sourceTree = "<group>"; };
		D347E5A71FA20B6B00FFE815 /* SpringView.swift */ = {isa = PBXFileReference; lastKnownFileType = sourcecode.swift; path = SpringView.swift; sourceTree = "<group>"; };
		D359931B1F9C9B8C00F96103 /* MyScoreVC.swift */ = {isa = PBXFileReference; lastKnownFileType = sourcecode.swift; path = MyScoreVC.swift; sourceTree = "<group>"; };
		D36C86AE1F9F6F90000CCA17 /* FavUsersTableViewController.swift */ = {isa = PBXFileReference; lastKnownFileType = sourcecode.swift; path = FavUsersTableViewController.swift; sourceTree = "<group>"; };
		D36C86B41FA09EF0000CCA17 /* UsersListTableViewCell.swift */ = {isa = PBXFileReference; lastKnownFileType = sourcecode.swift; path = UsersListTableViewCell.swift; sourceTree = "<group>"; };
		D36C86B51FA09EF0000CCA17 /* UsersListTableViewCell.xib */ = {isa = PBXFileReference; lastKnownFileType = file.xib; path = UsersListTableViewCell.xib; sourceTree = "<group>"; };
		D36C86B81FA0ACFD000CCA17 /* CommentViewController.swift */ = {isa = PBXFileReference; lastKnownFileType = sourcecode.swift; path = CommentViewController.swift; sourceTree = "<group>"; };
		D36C86B91FA0ACFD000CCA17 /* CommentViewController.xib */ = {isa = PBXFileReference; lastKnownFileType = file.xib; path = CommentViewController.xib; sourceTree = "<group>"; };
		D36C86BC1FA0B279000CCA17 /* MomentDetialTableViewCell.swift */ = {isa = PBXFileReference; lastKnownFileType = sourcecode.swift; path = MomentDetialTableViewCell.swift; sourceTree = "<group>"; };
		D36C86BD1FA0B279000CCA17 /* MomentDetialTableViewCell.xib */ = {isa = PBXFileReference; lastKnownFileType = file.xib; path = MomentDetialTableViewCell.xib; sourceTree = "<group>"; };
		D36C86C01FA0B28D000CCA17 /* MomentDetialsCommentTableViewCell.swift */ = {isa = PBXFileReference; lastKnownFileType = sourcecode.swift; path = MomentDetialsCommentTableViewCell.swift; sourceTree = "<group>"; };
		D36C86C11FA0B28D000CCA17 /* MomentDetialsCommentTableViewCell.xib */ = {isa = PBXFileReference; lastKnownFileType = file.xib; path = MomentDetialsCommentTableViewCell.xib; sourceTree = "<group>"; };
		D36C86C41FA0B962000CCA17 /* MomentsCommentDetialViewController.swift */ = {isa = PBXFileReference; lastKnownFileType = sourcecode.swift; path = MomentsCommentDetialViewController.swift; sourceTree = "<group>"; };
		D36C86C61FA0C19A000CCA17 /* Share.xib */ = {isa = PBXFileReference; lastKnownFileType = file.xib; path = Share.xib; sourceTree = "<group>"; };
		D36C86C81FA0C1A5000CCA17 /* Share.swift */ = {isa = PBXFileReference; lastKnownFileType = sourcecode.swift; path = Share.swift; sourceTree = "<group>"; };
		D3993BDE1F9B45C200AF62D9 /* MomentsViewController.swift */ = {isa = PBXFileReference; lastKnownFileType = sourcecode.swift; path = MomentsViewController.swift; sourceTree = "<group>"; };
		D39F9C6D1F9AE46800DD46F2 /* InitialLogin.storyboard */ = {isa = PBXFileReference; lastKnownFileType = file.storyboard; path = InitialLogin.storyboard; sourceTree = "<group>"; };
		D3A193551F8DC74D002C1E23 /* Neighbourhoods.app */ = {isa = PBXFileReference; explicitFileType = wrapper.application; includeInIndex = 0; path = Neighbourhoods.app; sourceTree = BUILT_PRODUCTS_DIR; };
		D3A193581F8DC74D002C1E23 /* AppDelegate.swift */ = {isa = PBXFileReference; lastKnownFileType = sourcecode.swift; path = AppDelegate.swift; sourceTree = "<group>"; };
		D3A1935D1F8DC74D002C1E23 /* Base */ = {isa = PBXFileReference; lastKnownFileType = file.storyboard; name = Base; path = Base.lproj/Main.storyboard; sourceTree = "<group>"; };
		D3A1935F1F8DC74D002C1E23 /* Assets.xcassets */ = {isa = PBXFileReference; lastKnownFileType = folder.assetcatalog; path = Assets.xcassets; sourceTree = "<group>"; };
		D3A193621F8DC74D002C1E23 /* Base */ = {isa = PBXFileReference; lastKnownFileType = file.storyboard; name = Base; path = Base.lproj/LaunchScreen.storyboard; sourceTree = "<group>"; };
		D3A193641F8DC74D002C1E23 /* Info.plist */ = {isa = PBXFileReference; lastKnownFileType = text.plist.xml; path = Info.plist; sourceTree = "<group>"; };
		D3A1937E1F8DCA37002C1E23 /* Circle.storyboard */ = {isa = PBXFileReference; fileEncoding = 4; lastKnownFileType = file.storyboard; path = Circle.storyboard; sourceTree = "<group>"; };
		D3A193801F8DCA4F002C1E23 /* Announcement.storyboard */ = {isa = PBXFileReference; fileEncoding = 4; lastKnownFileType = file.storyboard; path = Announcement.storyboard; sourceTree = "<group>"; };
		D3A193851F8DCB2E002C1E23 /* Null.storyboard */ = {isa = PBXFileReference; fileEncoding = 4; lastKnownFileType = file.storyboard; path = Null.storyboard; sourceTree = "<group>"; };
		D3A193871F8DCB4C002C1E23 /* Help.storyboard */ = {isa = PBXFileReference; fileEncoding = 4; lastKnownFileType = file.storyboard; path = Help.storyboard; sourceTree = "<group>"; };
		D3A1938B1F8DCBAA002C1E23 /* Profile.storyboard */ = {isa = PBXFileReference; fileEncoding = 4; lastKnownFileType = file.storyboard; path = Profile.storyboard; sourceTree = "<group>"; };
		D3EEB35B1F9F69C400406555 /* MyFavouriteViewController.swift */ = {isa = PBXFileReference; lastKnownFileType = sourcecode.swift; path = MyFavouriteViewController.swift; sourceTree = "<group>"; };
		D3F6B1841F9A10A0004D0A20 /* HelpViewController.swift */ = {isa = PBXFileReference; lastKnownFileType = sourcecode.swift; path = HelpViewController.swift; sourceTree = "<group>"; };
		D3F6B1881F9A1359004D0A20 /* Extension+Colors.swift */ = {isa = PBXFileReference; lastKnownFileType = sourcecode.swift; path = "Extension+Colors.swift"; sourceTree = "<group>"; };
		D3F6B18B1F9A1D53004D0A20 /* HelpMissionsCategoriesCell.swift */ = {isa = PBXFileReference; lastKnownFileType = sourcecode.swift; path = HelpMissionsCategoriesCell.swift; sourceTree = "<group>"; };
/* End PBXFileReference section */

/* Begin PBXFrameworksBuildPhase section */
		D3A193521F8DC74D002C1E23 /* Frameworks */ = {
			isa = PBXFrameworksBuildPhase;
			buildActionMask = 2147483647;
			files = (
				B692F89B1F91F17E00C75B41 /* SDWebImage.framework in Frameworks */,
				B692F89C1F91F17E00C75B41 /* AFNetworking.framework in Frameworks */,
			);
			runOnlyForDeploymentPostprocessing = 0;
		};
/* End PBXFrameworksBuildPhase section */

/* Begin PBXGroup section */
		B692F8981F91F17D00C75B41 /* Frameworks */ = {
			isa = PBXGroup;
			children = (
				B692F89A1F91F17E00C75B41 /* AFNetworking.framework */,
				B692F8991F91F17E00C75B41 /* SDWebImage.framework */,
			);
			name = Frameworks;
			sourceTree = "<group>";
		};
		D31B360E1F9C766800313268 /* Static */ = {
			isa = PBXGroup;
			children = (
				D31B360F1F9C768A00313268 /* SystemConstantValue.swift */,
			);
			path = Static;
			sourceTree = "<group>";
		};
		D31CD4A61F91DA5300195686 /* Controller */ = {
			isa = PBXGroup;
			children = (
				D341AAA41F9AEE3F00E640E1 /* LoginViewController.swift */,
				D341AAA61F9AEE4D00E640E1 /* RegisterViewController.swift */,
				D31B36111F9C8BDF00313268 /* SelfProfileViewController.swift */,
				D359931B1F9C9B8C00F96103 /* MyScoreVC.swift */,
			);
			path = Controller;
			sourceTree = "<group>";
		};
		D31CD4A71F91DA9100195686 /* View */ = {
			isa = PBXGroup;
			children = (
				D39F9C6D1F9AE46800DD46F2 /* InitialLogin.storyboard */,
			);
			path = View;
			sourceTree = "<group>";
		};
		D3A1934C1F8DC74D002C1E23 = {
			isa = PBXGroup;
			children = (
				D3A193571F8DC74D002C1E23 /* Neighbourhoods */,
				D3A193561F8DC74D002C1E23 /* Products */,
				B692F8981F91F17D00C75B41 /* Frameworks */,
			);
			sourceTree = "<group>";
		};
		D3A193561F8DC74D002C1E23 /* Products */ = {
			isa = PBXGroup;
			children = (
				D3A193551F8DC74D002C1E23 /* Neighbourhoods.app */,
			);
			name = Products;
			sourceTree = "<group>";
		};
		D3A193571F8DC74D002C1E23 /* Neighbourhoods */ = {
			isa = PBXGroup;
			children = (
				D31B360E1F9C766800313268 /* Static */,
				D3F6B1861F9A1325004D0A20 /* Extension */,
				D3A1936A1F8DC867002C1E23 /* Circle */,
				D3A1936E1F8DC87F002C1E23 /* Announcement */,
				D3A193821F8DCAA7002C1E23 /* Null */,
				D3A193721F8DC887002C1E23 /* Help */,
				D3A193761F8DC88E002C1E23 /* Profile */,
				D3A193581F8DC74D002C1E23 /* AppDelegate.swift */,
				B678E6491FA36899003F7638 /* NetWorkTool.swift */,
				D3A1935C1F8DC74D002C1E23 /* Main.storyboard */,
				D31B360C1F9C6D8300313268 /* MainViewController.swift */,
				D3A1935F1F8DC74D002C1E23 /* Assets.xcassets */,
				D3A193611F8DC74D002C1E23 /* LaunchScreen.storyboard */,
				D3A193641F8DC74D002C1E23 /* Info.plist */,
			);
			path = Neighbourhoods;
			sourceTree = "<group>";
		};
		D3A1936A1F8DC867002C1E23 /* Circle */ = {
			isa = PBXGroup;
			children = (
				D3A1937E1F8DCA37002C1E23 /* Circle.storyboard */,
				D3A1936B1F8DC867002C1E23 /* Controller */,
				D3A1936D1F8DC867002C1E23 /* View */,
			);
			path = Circle;
			sourceTree = "<group>";
		};
		D3A1936B1F8DC867002C1E23 /* Controller */ = {
			isa = PBXGroup;
			children = (
				D36C86B81FA0ACFD000CCA17 /* CommentViewController.swift */,
				D36C86AE1F9F6F90000CCA17 /* FavUsersTableViewController.swift */,
				D31CD4A21F91B14700195686 /* CircleViewController.swift */,
				D3993BDE1F9B45C200AF62D9 /* MomentsViewController.swift */,
				D3EEB35B1F9F69C400406555 /* MyFavouriteViewController.swift */,
				D32F81061FA2D01800FEBE4E /* MyIssueViewController.swift */,
				D36C86C41FA0B962000CCA17 /* MomentsCommentDetialViewController.swift */,
			);
			path = Controller;
			sourceTree = "<group>";
		};
		D3A1936D1F8DC867002C1E23 /* View */ = {
			isa = PBXGroup;
			children = (
				D36C86B91FA0ACFD000CCA17 /* CommentViewController.xib */,
				B692F8A01F91F1DF00C75B41 /* LoopView.swift */,
				D31CD4A41F91B3F000195686 /* CircleTopicsCell.swift */,
				D36C86B41FA09EF0000CCA17 /* UsersListTableViewCell.swift */,
				D36C86B51FA09EF0000CCA17 /* UsersListTableViewCell.xib */,
				D36C86BC1FA0B279000CCA17 /* MomentDetialTableViewCell.swift */,
				D36C86BD1FA0B279000CCA17 /* MomentDetialTableViewCell.xib */,
				D36C86C01FA0B28D000CCA17 /* MomentDetialsCommentTableViewCell.swift */,
				D36C86C11FA0B28D000CCA17 /* MomentDetialsCommentTableViewCell.xib */,
				D36C86C81FA0C1A5000CCA17 /* Share.swift */,
				D36C86C61FA0C19A000CCA17 /* Share.xib */,
				D347E5A71FA20B6B00FFE815 /* SpringView.swift */,
				D347E5A51FA2091000FFE815 /* SpringView.xib */,
			);
			path = View;
			sourceTree = "<group>";
		};
		D3A1936E1F8DC87F002C1E23 /* Announcement */ = {
			isa = PBXGroup;
			children = (
				D3A193801F8DCA4F002C1E23 /* Announcement.storyboard */,
			);
			path = Announcement;
			sourceTree = "<group>";
		};
		D3A193721F8DC887002C1E23 /* Help */ = {
			isa = PBXGroup;
			children = (
				D3A193871F8DCB4C002C1E23 /* Help.storyboard */,
				D3F6B1831F9A1071004D0A20 /* Controller */,
				D3F6B18A1F9A1CFB004D0A20 /* View */,
			);
			path = Help;
			sourceTree = "<group>";
		};
		D3A193761F8DC88E002C1E23 /* Profile */ = {
			isa = PBXGroup;
			children = (
				D3A1938B1F8DCBAA002C1E23 /* Profile.storyboard */,
				D31CD4A61F91DA5300195686 /* Controller */,
				D31CD4A71F91DA9100195686 /* View */,
			);
			path = Profile;
			sourceTree = "<group>";
		};
		D3A193821F8DCAA7002C1E23 /* Null */ = {
			isa = PBXGroup;
			children = (
				D3A193851F8DCB2E002C1E23 /* Null.storyboard */,
			);
			path = Null;
			sourceTree = "<group>";
		};
		D3F6B1831F9A1071004D0A20 /* Controller */ = {
			isa = PBXGroup;
			children = (
				D3F6B1841F9A10A0004D0A20 /* HelpViewController.swift */,
			);
			path = Controller;
			sourceTree = "<group>";
		};
		D3F6B1861F9A1325004D0A20 /* Extension */ = {
			isa = PBXGroup;
			children = (
				D3F6B1881F9A1359004D0A20 /* Extension+Colors.swift */,
				D341AAA91F9AF14100E640E1 /* Extension+UIView.swift */,
			);
			path = Extension;
			sourceTree = "<group>";
		};
		D3F6B18A1F9A1CFB004D0A20 /* View */ = {
			isa = PBXGroup;
			children = (
				D3F6B18B1F9A1D53004D0A20 /* HelpMissionsCategoriesCell.swift */,
			);
			path = View;
			sourceTree = "<group>";
		};
/* End PBXGroup section */

/* Begin PBXNativeTarget section */
		D3A193541F8DC74D002C1E23 /* Neighbourhoods */ = {
			isa = PBXNativeTarget;
			buildConfigurationList = D3A193671F8DC74D002C1E23 /* Build configuration list for PBXNativeTarget "Neighbourhoods" */;
			buildPhases = (
				D3A193511F8DC74D002C1E23 /* Sources */,
				D3A193521F8DC74D002C1E23 /* Frameworks */,
				D3A193531F8DC74D002C1E23 /* Resources */,
				D369E0911F8DF57900FDB7E8 /* Embed Frameworks */,
				B692F89D1F91F19000C75B41 /* CopyFiles */,
			);
			buildRules = (
			);
			dependencies = (
			);
			name = Neighbourhoods;
			productName = Neighbourhoods;
			productReference = D3A193551F8DC74D002C1E23 /* Neighbourhoods.app */;
			productType = "com.apple.product-type.application";
		};
/* End PBXNativeTarget section */

/* Begin PBXProject section */
		D3A1934D1F8DC74D002C1E23 /* Project object */ = {
			isa = PBXProject;
			attributes = {
				LastSwiftUpdateCheck = 0900;
				LastUpgradeCheck = 0900;
				ORGANIZATIONNAME = NJQL;
				TargetAttributes = {
					D3A193541F8DC74D002C1E23 = {
						CreatedOnToolsVersion = 9.0;
						ProvisioningStyle = Automatic;
					};
				};
			};
			buildConfigurationList = D3A193501F8DC74D002C1E23 /* Build configuration list for PBXProject "Neighbourhoods" */;
			compatibilityVersion = "Xcode 8.0";
			developmentRegion = en;
			hasScannedForEncodings = 0;
			knownRegions = (
				en,
				Base,
			);
			mainGroup = D3A1934C1F8DC74D002C1E23;
			productRefGroup = D3A193561F8DC74D002C1E23 /* Products */;
			projectDirPath = "";
			projectRoot = "";
			targets = (
				D3A193541F8DC74D002C1E23 /* Neighbourhoods */,
			);
		};
/* End PBXProject section */

/* Begin PBXResourcesBuildPhase section */
		D3A193531F8DC74D002C1E23 /* Resources */ = {
			isa = PBXResourcesBuildPhase;
			buildActionMask = 2147483647;
			files = (
				D3A193631F8DC74D002C1E23 /* LaunchScreen.storyboard in Resources */,
				D36C86BB1FA0ACFD000CCA17 /* CommentViewController.xib in Resources */,
				D3A193601F8DC74D002C1E23 /* Assets.xcassets in Resources */,
				D36C86C71FA0C19A000CCA17 /* Share.xib in Resources */,
				D3A1938C1F8DCBAA002C1E23 /* Profile.storyboard in Resources */,
				D3A193811F8DCA4F002C1E23 /* Announcement.storyboard in Resources */,
				D36C86C31FA0B28D000CCA17 /* MomentDetialsCommentTableViewCell.xib in Resources */,
				D36C86B71FA09EF0000CCA17 /* UsersListTableViewCell.xib in Resources */,
				D3A1937F1F8DCA37002C1E23 /* Circle.storyboard in Resources */,
				D3A193881F8DCB4C002C1E23 /* Help.storyboard in Resources */,
				D36C86BF1FA0B279000CCA17 /* MomentDetialTableViewCell.xib in Resources */,
				D3A1935E1F8DC74D002C1E23 /* Main.storyboard in Resources */,
				D3A193861F8DCB2E002C1E23 /* Null.storyboard in Resources */,
				D347E5A61FA2091000FFE815 /* SpringView.xib in Resources */,
				D39F9C6E1F9AE46800DD46F2 /* InitialLogin.storyboard in Resources */,
			);
			runOnlyForDeploymentPostprocessing = 0;
		};
/* End PBXResourcesBuildPhase section */

/* Begin PBXSourcesBuildPhase section */
		D3A193511F8DC74D002C1E23 /* Sources */ = {
			isa = PBXSourcesBuildPhase;
			buildActionMask = 2147483647;
			files = (
				D36C86C91FA0C1A5000CCA17 /* Share.swift in Sources */,
				D341AAA71F9AEE4D00E640E1 /* RegisterViewController.swift in Sources */,
				D31CD4A51F91B3F000195686 /* CircleTopicsCell.swift in Sources */,
				D359931C1F9C9B8C00F96103 /* MyScoreVC.swift in Sources */,
				D341AAAA1F9AF14100E640E1 /* Extension+UIView.swift in Sources */,
				D3EEB35C1F9F69C400406555 /* MyFavouriteViewController.swift in Sources */,
				D31B360D1F9C6D8300313268 /* MainViewController.swift in Sources */,
				D32F81071FA2D01800FEBE4E /* MyIssueViewController.swift in Sources */,
				D36C86AF1F9F6F90000CCA17 /* FavUsersTableViewController.swift in Sources */,
				D31B36121F9C8BDF00313268 /* SelfProfileViewController.swift in Sources */,
				D3F6B18C1F9A1D53004D0A20 /* HelpMissionsCategoriesCell.swift in Sources */,
				D36C86C51FA0B962000CCA17 /* MomentsCommentDetialViewController.swift in Sources */,
				B678E64A1FA3689A003F7638 /* NetWorkTool.swift in Sources */,
				D31B36101F9C768A00313268 /* SystemConstantValue.swift in Sources */,
				D3F6B1891F9A1359004D0A20 /* Extension+Colors.swift in Sources */,
				D36C86C21FA0B28D000CCA17 /* MomentDetialsCommentTableViewCell.swift in Sources */,
				D31CD4A31F91B14700195686 /* CircleViewController.swift in Sources */,
				D36C86BE1FA0B279000CCA17 /* MomentDetialTableViewCell.swift in Sources */,
				D36C86B61FA09EF0000CCA17 /* UsersListTableViewCell.swift in Sources */,
				D347E5A81FA20B6B00FFE815 /* SpringView.swift in Sources */,
				D341AAA51F9AEE3F00E640E1 /* LoginViewController.swift in Sources */,
				B692F8A11F91F1DF00C75B41 /* LoopView.swift in Sources */,
				D3A193591F8DC74D002C1E23 /* AppDelegate.swift in Sources */,
				D3993BDF1F9B45C200AF62D9 /* MomentsViewController.swift in Sources */,
				D3F6B1851F9A10A0004D0A20 /* HelpViewController.swift in Sources */,
				D36C86BA1FA0ACFD000CCA17 /* CommentViewController.swift in Sources */,
			);
			runOnlyForDeploymentPostprocessing = 0;
		};
/* End PBXSourcesBuildPhase section */

/* Begin PBXVariantGroup section */
		D3A1935C1F8DC74D002C1E23 /* Main.storyboard */ = {
			isa = PBXVariantGroup;
			children = (
				D3A1935D1F8DC74D002C1E23 /* Base */,
			);
			name = Main.storyboard;
			sourceTree = "<group>";
		};
		D3A193611F8DC74D002C1E23 /* LaunchScreen.storyboard */ = {
			isa = PBXVariantGroup;
			children = (
				D3A193621F8DC74D002C1E23 /* Base */,
			);
			name = LaunchScreen.storyboard;
			sourceTree = "<group>";
		};
/* End PBXVariantGroup section */

/* Begin XCBuildConfiguration section */
		D3A193651F8DC74D002C1E23 /* Debug */ = {
			isa = XCBuildConfiguration;
			buildSettings = {
				ALWAYS_SEARCH_USER_PATHS = NO;
				CLANG_ANALYZER_NONNULL = YES;
				CLANG_ANALYZER_NUMBER_OBJECT_CONVERSION = YES_AGGRESSIVE;
				CLANG_CXX_LANGUAGE_STANDARD = "gnu++14";
				CLANG_CXX_LIBRARY = "libc++";
				CLANG_ENABLE_MODULES = YES;
				CLANG_ENABLE_OBJC_ARC = YES;
				CLANG_WARN_BLOCK_CAPTURE_AUTORELEASING = YES;
				CLANG_WARN_BOOL_CONVERSION = YES;
				CLANG_WARN_COMMA = YES;
				CLANG_WARN_CONSTANT_CONVERSION = YES;
				CLANG_WARN_DIRECT_OBJC_ISA_USAGE = YES_ERROR;
				CLANG_WARN_DOCUMENTATION_COMMENTS = YES;
				CLANG_WARN_EMPTY_BODY = YES;
				CLANG_WARN_ENUM_CONVERSION = YES;
				CLANG_WARN_INFINITE_RECURSION = YES;
				CLANG_WARN_INT_CONVERSION = YES;
				CLANG_WARN_NON_LITERAL_NULL_CONVERSION = YES;
				CLANG_WARN_OBJC_LITERAL_CONVERSION = YES;
				CLANG_WARN_OBJC_ROOT_CLASS = YES_ERROR;
				CLANG_WARN_RANGE_LOOP_ANALYSIS = YES;
				CLANG_WARN_STRICT_PROTOTYPES = YES;
				CLANG_WARN_SUSPICIOUS_MOVE = YES;
				CLANG_WARN_UNGUARDED_AVAILABILITY = YES_AGGRESSIVE;
				CLANG_WARN_UNREACHABLE_CODE = YES;
				CLANG_WARN__DUPLICATE_METHOD_MATCH = YES;
				CODE_SIGN_IDENTITY = "iPhone Developer";
				COPY_PHASE_STRIP = NO;
				DEBUG_INFORMATION_FORMAT = dwarf;
				ENABLE_STRICT_OBJC_MSGSEND = YES;
				ENABLE_TESTABILITY = YES;
				GCC_C_LANGUAGE_STANDARD = gnu11;
				GCC_DYNAMIC_NO_PIC = NO;
				GCC_NO_COMMON_BLOCKS = YES;
				GCC_OPTIMIZATION_LEVEL = 0;
				GCC_PREPROCESSOR_DEFINITIONS = (
					"DEBUG=1",
					"$(inherited)",
				);
				GCC_WARN_64_TO_32_BIT_CONVERSION = YES;
				GCC_WARN_ABOUT_RETURN_TYPE = YES_ERROR;
				GCC_WARN_UNDECLARED_SELECTOR = YES;
				GCC_WARN_UNINITIALIZED_AUTOS = YES_AGGRESSIVE;
				GCC_WARN_UNUSED_FUNCTION = YES;
				GCC_WARN_UNUSED_VARIABLE = YES;
				IPHONEOS_DEPLOYMENT_TARGET = 11.0;
				MTL_ENABLE_DEBUG_INFO = YES;
				ONLY_ACTIVE_ARCH = YES;
				SDKROOT = iphoneos;
				SWIFT_ACTIVE_COMPILATION_CONDITIONS = DEBUG;
				SWIFT_OPTIMIZATION_LEVEL = "-Onone";
			};
			name = Debug;
		};
		D3A193661F8DC74D002C1E23 /* Release */ = {
			isa = XCBuildConfiguration;
			buildSettings = {
				ALWAYS_SEARCH_USER_PATHS = NO;
				CLANG_ANALYZER_NONNULL = YES;
				CLANG_ANALYZER_NUMBER_OBJECT_CONVERSION = YES_AGGRESSIVE;
				CLANG_CXX_LANGUAGE_STANDARD = "gnu++14";
				CLANG_CXX_LIBRARY = "libc++";
				CLANG_ENABLE_MODULES = YES;
				CLANG_ENABLE_OBJC_ARC = YES;
				CLANG_WARN_BLOCK_CAPTURE_AUTORELEASING = YES;
				CLANG_WARN_BOOL_CONVERSION = YES;
				CLANG_WARN_COMMA = YES;
				CLANG_WARN_CONSTANT_CONVERSION = YES;
				CLANG_WARN_DIRECT_OBJC_ISA_USAGE = YES_ERROR;
				CLANG_WARN_DOCUMENTATION_COMMENTS = YES;
				CLANG_WARN_EMPTY_BODY = YES;
				CLANG_WARN_ENUM_CONVERSION = YES;
				CLANG_WARN_INFINITE_RECURSION = YES;
				CLANG_WARN_INT_CONVERSION = YES;
				CLANG_WARN_NON_LITERAL_NULL_CONVERSION = YES;
				CLANG_WARN_OBJC_LITERAL_CONVERSION = YES;
				CLANG_WARN_OBJC_ROOT_CLASS = YES_ERROR;
				CLANG_WARN_RANGE_LOOP_ANALYSIS = YES;
				CLANG_WARN_STRICT_PROTOTYPES = YES;
				CLANG_WARN_SUSPICIOUS_MOVE = YES;
				CLANG_WARN_UNGUARDED_AVAILABILITY = YES_AGGRESSIVE;
				CLANG_WARN_UNREACHABLE_CODE = YES;
				CLANG_WARN__DUPLICATE_METHOD_MATCH = YES;
				CODE_SIGN_IDENTITY = "iPhone Developer";
				COPY_PHASE_STRIP = NO;
				DEBUG_INFORMATION_FORMAT = "dwarf-with-dsym";
				ENABLE_NS_ASSERTIONS = NO;
				ENABLE_STRICT_OBJC_MSGSEND = YES;
				GCC_C_LANGUAGE_STANDARD = gnu11;
				GCC_NO_COMMON_BLOCKS = YES;
				GCC_WARN_64_TO_32_BIT_CONVERSION = YES;
				GCC_WARN_ABOUT_RETURN_TYPE = YES_ERROR;
				GCC_WARN_UNDECLARED_SELECTOR = YES;
				GCC_WARN_UNINITIALIZED_AUTOS = YES_AGGRESSIVE;
				GCC_WARN_UNUSED_FUNCTION = YES;
				GCC_WARN_UNUSED_VARIABLE = YES;
				IPHONEOS_DEPLOYMENT_TARGET = 11.0;
				MTL_ENABLE_DEBUG_INFO = NO;
				SDKROOT = iphoneos;
				SWIFT_OPTIMIZATION_LEVEL = "-Owholemodule";
				VALIDATE_PRODUCT = YES;
			};
			name = Release;
		};
		D3A193681F8DC74D002C1E23 /* Debug */ = {
			isa = XCBuildConfiguration;
			buildSettings = {
				ASSETCATALOG_COMPILER_APPICON_NAME = AppIcon;
				CODE_SIGN_STYLE = Automatic;
				DEVELOPMENT_TEAM = 4UXX38SJ8T;
				FRAMEWORK_SEARCH_PATHS = (
					"$(inherited)",
					"$(PROJECT_DIR)/Carthage/Build/iOS",
				);
				INFOPLIST_FILE = Neighbourhoods/Info.plist;
				LD_RUNPATH_SEARCH_PATHS = "$(inherited) @executable_path/Frameworks";
				PRODUCT_BUNDLE_IDENTIFIER = com.NJQL.Neighbourhoods;
				PRODUCT_NAME = "$(TARGET_NAME)";
				SWIFT_VERSION = 4.0;
				TARGETED_DEVICE_FAMILY = "1,2";
			};
			name = Debug;
		};
		D3A193691F8DC74D002C1E23 /* Release */ = {
			isa = XCBuildConfiguration;
			buildSettings = {
				ASSETCATALOG_COMPILER_APPICON_NAME = AppIcon;
				CODE_SIGN_STYLE = Automatic;
				DEVELOPMENT_TEAM = 4UXX38SJ8T;
				FRAMEWORK_SEARCH_PATHS = (
					"$(inherited)",
					"$(PROJECT_DIR)/Carthage/Build/iOS",
				);
				INFOPLIST_FILE = Neighbourhoods/Info.plist;
				LD_RUNPATH_SEARCH_PATHS = "$(inherited) @executable_path/Frameworks";
				PRODUCT_BUNDLE_IDENTIFIER = com.NJQL.Neighbourhoods;
				PRODUCT_NAME = "$(TARGET_NAME)";
				SWIFT_VERSION = 4.0;
				TARGETED_DEVICE_FAMILY = "1,2";
			};
			name = Release;
		};
/* End XCBuildConfiguration section */

/* Begin XCConfigurationList section */
		D3A193501F8DC74D002C1E23 /* Build configuration list for PBXProject "Neighbourhoods" */ = {
			isa = XCConfigurationList;
			buildConfigurations = (
				D3A193651F8DC74D002C1E23 /* Debug */,
				D3A193661F8DC74D002C1E23 /* Release */,
			);
			defaultConfigurationIsVisible = 0;
			defaultConfigurationName = Release;
		};
		D3A193671F8DC74D002C1E23 /* Build configuration list for PBXNativeTarget "Neighbourhoods" */ = {
			isa = XCConfigurationList;
			buildConfigurations = (
				D3A193681F8DC74D002C1E23 /* Debug */,
				D3A193691F8DC74D002C1E23 /* Release */,
			);
			defaultConfigurationIsVisible = 0;
			defaultConfigurationName = Release;
		};
/* End XCConfigurationList section */
	};
	rootObject = D3A1934D1F8DC74D002C1E23 /* Project object */;
}
